
Microsoft Visual Studio Solution File, Format Version 12.00
# Visual Studio 15
VisualStudioVersion = 15.0.27130.2036
MinimumVisualStudioVersion = 10.0.40219.1
Project("{2150E333-8FDC-42A3-9474-1A3956D46DE8}") = "Module1", "Module1", "{3F42628D-2541-4EBD-9280-77520CA0A1E5}"
EndProject
Project("{FAE04EC0-301F-11D3-BF4B-00C04F79EFBC}") = "WebCrawler", "Module1\WebCrawler\WebCrawler.csproj", "{97E73B1F-A3B4-4626-8D92-6CA084282523}"
EndProject
Project("{2150E333-8FDC-42A3-9474-1A3956D46DE8}") = "Module4", "Module4", "{59DC8658-4166-4837-AAF4-AD2B23FB9F44}"
EndProject
Project("{F2A71F9B-5D33-465A-A702-920D77279786}") = "WebCrawler.Core", "Module4\WebCrawler.Core\WebCrawler.Core.fsproj", "{C6D8AD4D-18F5-4A11-8614-5838FA5922C9}"
EndProject
Project("{F2A71F9B-5D33-465A-A702-920D77279786}") = "AsyncZoom", "Module1\AsyncZoom\AsyncZoom.fsproj", "{2087F797-FC05-44C3-98CC-6CC09AF7245F}"
EndProject
Project("{2150E333-8FDC-42A3-9474-1A3956D46DE8}") = "Module3", "Module3", "{0F584E88-D93E-4DE2-8B55-3FC51A6E871A}"
EndProject
Project("{F2A71F9B-5D33-465A-A702-920D77279786}") = "ReactiveTutorial", "Module3\ReactiveBall\ReactiveTutorial.fsproj", "{53ACE724-CD7D-42DF-8970-DC39B36155DD}"
EndProject
Project("{2150E333-8FDC-42A3-9474-1A3956D46DE8}") = "Module2", "Module2", "{C043E1D5-D1E7-4FBF-AA0E-5FFB9E65E248}"
EndProject
Project("{2150E333-8FDC-42A3-9474-1A3956D46DE8}") = "Agent", "Agent", "{C2CA8255-9AE9-4307-89D0-16E17EE0AA29}"
EndProject
Project("{2150E333-8FDC-42A3-9474-1A3956D46DE8}") = "Async", "Async", "{74B9CE91-BC68-40E1-BFFD-0BC51D52E6DD}"
EndProject
Project("{2150E333-8FDC-42A3-9474-1A3956D46DE8}") = "Reactive", "Reactive", "{1974CE2A-7324-4210-ACEB-EB0C6B875BA4}"
EndProject
Project("{2150E333-8FDC-42A3-9474-1A3956D46DE8}") = "TPL", "TPL", "{4DCEBD2A-B9C4-4FE7-BE1E-59E139B53DE9}"
EndProject
Project("{2150E333-8FDC-42A3-9474-1A3956D46DE8}") = "src", "src", "{071DBFE4-FC82-47BC-9DF2-549E952F2946}"
EndProject
Project("{FAE04EC0-301F-11D3-BF4B-00C04F79EFBC}") = "QuickSort.cs", "Module1\QuickSort.cs\QuickSort.cs.csproj", "{BB41293F-CA44-4AE9-8198-AB1F2A0D71A5}"
EndProject
Project("{F2A71F9B-5D33-465A-A702-920D77279786}") = "QuickSort.fs", "Module1\QuickSort.fs\QuickSort.fs.fsproj", "{85D58F6A-D2EE-4B6F-A19A-3F9CC1BABF6A}"
EndProject
Project("{2150E333-8FDC-42A3-9474-1A3956D46DE8}") = "Common", "Common", "{DD57FF8A-1C02-4388-BAEB-AD2DD1305EBD}"
EndProject
Project("{F2A71F9B-5D33-465A-A702-920D77279786}") = "Utilities", "Common\Utilities\Utilities.fsproj", "{2C133FBD-C138-43BB-9066-A9FECB1ABE86}"
EndProject
Project("{F2A71F9B-5D33-465A-A702-920D77279786}") = "Functional.fs", "Common\Functional.fs\Functional.fs.fsproj", "{4AE3E71F-D433-448B-ABFE-13491FAAB5A6}"
EndProject
Project("{FAE04EC0-301F-11D3-BF4B-00C04F79EFBC}") = "Functional.cs", "Common\Functional.cs\Functional.cs.csproj", "{24D84C19-B173-4635-91A6-42328BC694CE}"
EndProject
Project("{FAE04EC0-301F-11D3-BF4B-00C04F79EFBC}") = "PhotoViewer", "Common\PhotoViewer\PhotoViewer.csproj", "{AEA42454-7466-49CD-8075-3A153E6E770F}"
EndProject
Project("{FAE04EC0-301F-11D3-BF4B-00C04F79EFBC}") = "Parallelism", "Module1\Parallelism\Parallelism.csproj", "{1B0D283F-552E-47E5-B3EA-BEE2D86D49F1}"
EndProject
Project("{F2A71F9B-5D33-465A-A702-920D77279786}") = "DataParallelism.fs", "Module2\DataParallelism.fs\DataParallelism.fs.fsproj", "{F418026E-3A3E-44A3-ADA1-B8127B948A8D}"
EndProject
Project("{FAE04EC0-301F-11D3-BF4B-00C04F79EFBC}") = "DataParallelism.cs", "Module2\DataParallelism.cs\DataParallelism.cs.csproj", "{D1CD7806-99BF-463D-807D-AF5DE50EA49C}"
EndProject
Project("{FAE04EC0-301F-11D3-BF4B-00C04F79EFBC}") = "TwitterEmotionAnalysis.cs", "Module3\TwitterEmotionAnalysis.cs\TwitterEmotionAnalysis.cs.csproj", "{D1D039AE-4BB7-436B-9F44-309D81599D31}"
EndProject
Project("{F2A71F9B-5D33-465A-A702-920D77279786}") = "TwitterEmotionAnalysis.fs", "Module3\TwitterEmotionAnalysis.fs\TwitterEmotionAnalysis.fs.fsproj", "{7153330D-B848-4C04-8CD2-F4C317CA34EF}"
EndProject
Project("{FAE04EC0-301F-11D3-BF4B-00C04F79EFBC}") = "Asynchronous.cs", "Module4\Asynchronous.cs\Asynchronous.cs.csproj", "{C6C25F4D-24D4-4009-A52A-034F8A6653EA}"
EndProject
Project("{F2A71F9B-5D33-465A-A702-920D77279786}") = "Asynchronous.fs", "Module4\Asynchronous.fs\Asynchronous.fs.fsproj", "{00C2C3B5-CD73-4017-B4E6-696575FB4071}"
EndProject
Project("{FAE04EC0-301F-11D3-BF4B-00C04F79EFBC}") = "StockAnalyzer.CS", "Module4\StockAnalyzer.CS\StockAnalyzer.CS.csproj", "{1DEA4099-151B-4A41-BBCE-EC31430E020A}"
EndProject
Project("{F2A71F9B-5D33-465A-A702-920D77279786}") = "MorseCode", "Module3\MorseCode\MorseCode.fsproj", "{C93B9AFD-6884-45EB-A6E1-1EC89EBA84D6}"
EndProject
Project("{F2A71F9B-5D33-465A-A702-920D77279786}") = "GameOfLife", "Module4\GameOfLife\GameOfLife.fsproj", "{55B13B05-A14B-4486-AF65-256AA57526DF}"
EndProject
Project("{2150E333-8FDC-42A3-9474-1A3956D46DE8}") = "Module5", "Module5", "{3F710E2C-91AF-4ED5-976B-FC0FD885CD23}"
EndProject
Project("{FAE04EC0-301F-11D3-BF4B-00C04F79EFBC}") = "DataflowObjectPoolEncryption", "Module5\DataflowObjectPoolEncryption\DataflowObjectPoolEncryption.csproj", "{9BFCF1DC-8FBF-4827-970D-3AC822C2FFC0}"
EndProject
Project("{FAE04EC0-301F-11D3-BF4B-00C04F79EFBC}") = "ReactiveAgent", "Module5\ReactiveAgent\ReactiveAgent.csproj", "{D83E7FED-0256-47C2-B96F-EFB1BA1554BB}"
EndProject
Project("{F2A71F9B-5D33-465A-A702-920D77279786}") = "FSharp.Agent", "src\Agent\FSharp.Agent\FSharp.Agent.fsproj", "{99146D90-BB96-4DD5-BCBB-085F7C6CB0D9}"
EndProject
Project("{F2A71F9B-5D33-465A-A702-920D77279786}") = "FSharp.Async", "src\Async\FSharp.Async\FSharp.Async.fsproj", "{E4D2EFD2-D1E3-4B1F-96D3-34D97321D7A4}"
EndProject
Project("{F2A71F9B-5D33-465A-A702-920D77279786}") = "ReactiveSample.Module", "src\Reactive\FSharp.ReactiveSample\ReactiveSample.Module.fsproj", "{A45C0330-9803-4BFE-8B35-490D90441A18}"
EndProject
Project("{F2A71F9B-5D33-465A-A702-920D77279786}") = "SubjectTutorial", "src\Reactive\SubjectTutorial\SubjectTutorial.fsproj", "{DF8823DA-C455-450A-AEEE-BCB8AF0C8F71}"
EndProject
Project("{F2A71F9B-5D33-465A-A702-920D77279786}") = "AsyncModule", "src\Async\AsyncModule\AsyncModule.fsproj", "{8DBDDFC1-808D-4F73-9244-84A0E105C9E6}"
EndProject
Project("{F2A71F9B-5D33-465A-A702-920D77279786}") = "AgentModule", "src\Agent\AgentModule\AgentModule.fsproj", "{93F4EFD8-C87D-4E7C-B88F-9F9BB20EA36E}"
EndProject
Project("{F2A71F9B-5D33-465A-A702-920D77279786}") = "RxModule", "src\Reactive\RxModule\RxModule.fsproj", "{FCB090AE-701D-4E38-BE67-5B4A9CFDD907}"
EndProject
Project("{F2A71F9B-5D33-465A-A702-920D77279786}") = "FSharp.Intro", "src\FSharp.Intro\FSharp.Intro.fsproj", "{4E70E567-E814-43C9-B837-EFA59D8F77E0}"
EndProject
Project("{FAE04EC0-301F-11D3-BF4B-00C04F79EFBC}") = "RxConcurrentStockTickers", "Module3\RxConcurrentStockTickers\RxConcurrentStockTickers.csproj", "{C857006A-362D-4EC5-A633-FA19857649B7}"
EndProject
Project("{FAE04EC0-301F-11D3-BF4B-00C04F79EFBC}") = "DataFlowAgent", "Module4\DataFlowAgent\DataFlowAgent.csproj", "{98ED8DB4-701B-4EB6-B177-549A67E300B3}"
EndProject
Project("{FAE04EC0-301F-11D3-BF4B-00C04F79EFBC}") = "CommonHelpers", "Common\CommonHelpers\CommonHelpers.csproj", "{2E6C4539-EDFB-4EFA-A840-767BCA379EA1}"
EndProject
Project("{6EC3EE1D-3C4E-46DD-8F32-0CC8E7565705}") = "CloudAgent", "Module5\CloudAgent\CloudAgent.fsproj", "{0519293B-6FE2-4041-A805-80C0CBC17A81}"
EndProject
Project("{F2A71F9B-5D33-465A-A702-920D77279786}") = "FuzzyMatch", "Module1\FuzzyMatch\FuzzyMatch.fsproj", "{C2826D47-0F1F-44B2-9225-448D2839D401}"
EndProject
Project("{FAE04EC0-301F-11D3-BF4B-00C04F79EFBC}") = "FaceDetection.cs", "Module2\TaskComposition\FaceDetection.cs.csproj", "{EBDEDAAA-6AB2-4F7C-BE68-2122FAE1356C}"
EndProject
Project("{F2A71F9B-5D33-465A-A702-920D77279786}") = "Pipeline.fs", "Module2\Pipeline.fs\Pipeline.fs.fsproj", "{D1093314-CB32-4240-BE10-0437D64152D8}"
EndProject
Project("{FAE04EC0-301F-11D3-BF4B-00C04F79EFBC}") = "WebCrawler.Agent", "Module5\WebCrawler.Agent\WebCrawler.Agent.csproj", "{12E1CC85-E94C-4BBD-A07B-2BF0F415363B}"
EndProject
Project("{2150E333-8FDC-42A3-9474-1A3956D46DE8}") = "Module6", "Module6", "{B802C611-0293-4C51-B40A-E4B8B2FF8877}"
EndProject
Project("{F2A71F9B-5D33-465A-A702-920D77279786}") = "Combinators.fs", "Module6\Combinators.fs\Combinators.fs.fsproj", "{384B364C-7BE4-457C-A949-2C4B107BAFEA}"
EndProject
Project("{FAE04EC0-301F-11D3-BF4B-00C04F79EFBC}") = "Combinators.cs", "Module6\Combinators.cs\Combinators.cs.csproj", "{5657EDD0-9908-4FA5-A394-4BDD4E6D220F}"
EndProject
Project("{F2A71F9B-5D33-465A-A702-920D77279786}") = "AgentObjectPool", "Module5\AgentObjectPool\AgentObjectPool.fsproj", "{4B654914-7044-44FC-A46C-75C48BCCBA62}"
EndProject
Project("{F2A71F9B-5D33-465A-A702-920D77279786}") = "TamingAgent", "Module6\TamingAndComposingAsyncOps\TamingAgent.fsproj", "{1FC4C906-D011-4012-9F47-F89AAB13DBC8}"
EndProject
Project("{FAE04EC0-301F-11D3-BF4B-00C04F79EFBC}") = "ParallelFilterMap", "Module6\ParallelFilterMap\ParallelFilterMap\ParallelFilterMap.csproj", "{FD8AA8A3-569E-459F-92E7-84A54D7230EA}"
EndProject
Project("{FAE04EC0-301F-11D3-BF4B-00C04F79EFBC}") = "ParallelForkJoin", "Module6\ForkJoin\ParallelForkJoin.csproj", "{92996C66-6B8A-462C-9593-D62B975FF01B}"
EndProject
Project("{2150E333-8FDC-42A3-9474-1A3956D46DE8}") = "Channels", "Channels", "{2ADBFE71-BD2E-423D-92B2-625F247AC0B0}"
EndProject
Project("{F2A71F9B-5D33-465A-A702-920D77279786}") = "AgentChannel", "Module6\Channel\AgentChannel\AgentChannel.fsproj", "{ECA3E677-D1A9-4DC8-B273-0468A5FBF328}"
EndProject
Project("{FAE04EC0-301F-11D3-BF4B-00C04F79EFBC}") = "DataflowChannel", "Module6\Channel\DataflowChannel\DataflowChannel.csproj", "{D1894561-4B30-4978-B0A4-D4D6F8A9CBFF}"
EndProject
Project("{FAE04EC0-301F-11D3-BF4B-00C04F79EFBC}") = "MapReduceApproaches", "src\TPL\MapReduceApproaches\MapReduceApproaches.csproj", "{02BF1053-C3DA-4FFB-A562-7854C3DD4BD0}"
EndProject
Project("{FAE04EC0-301F-11D3-BF4B-00C04F79EFBC}") = "CloudHelpers", "Common\CloudHelpers\CloudHelpers.csproj", "{F8D51186-9F80-4344-8F35-D0DD197FE282}"
EndProject
Project("{F2A71F9B-5D33-465A-A702-920D77279786}") = "StockAnalyzer.FS", "Module4\StockAnalyzer.FS\StockAnalyzer.FS.fsproj", "{C2EAED2C-3452-4718-B6E1-71F8A993BDF1}"
EndProject
Project("{FAE04EC0-301F-11D3-BF4B-00C04F79EFBC}") = "ReactiveStock", "Module5\ReactiveStock\ReactiveStock.csproj", "{CD644EAD-A340-4E5F-BB9C-6B794A0DDF46}"
EndProject
Project("{F2A71F9B-5D33-465A-A702-920D77279786}") = "AgentStocks", "Module4\AgentStocks\AgentStocks.fsproj", "{30597BE9-08F8-4832-8AB7-009C00A6A2F2}"
EndProject
Global
	GlobalSection(SolutionConfigurationPlatforms) = preSolution
		Debug|Any CPU = Debug|Any CPU
		Debug|x64 = Debug|x64
		Debug|x86 = Debug|x86
		Release|Any CPU = Release|Any CPU
		Release|x64 = Release|x64
		Release|x86 = Release|x86
	EndGlobalSection
	GlobalSection(ProjectConfigurationPlatforms) = postSolution
		{97E73B1F-A3B4-4626-8D92-6CA084282523}.Debug|Any CPU.ActiveCfg = Debug|Any CPU
		{97E73B1F-A3B4-4626-8D92-6CA084282523}.Debug|Any CPU.Build.0 = Debug|Any CPU
		{97E73B1F-A3B4-4626-8D92-6CA084282523}.Debug|x64.ActiveCfg = Debug|Any CPU
		{97E73B1F-A3B4-4626-8D92-6CA084282523}.Debug|x64.Build.0 = Debug|Any CPU
		{97E73B1F-A3B4-4626-8D92-6CA084282523}.Debug|x86.ActiveCfg = Debug|Any CPU
		{97E73B1F-A3B4-4626-8D92-6CA084282523}.Debug|x86.Build.0 = Debug|Any CPU
		{97E73B1F-A3B4-4626-8D92-6CA084282523}.Release|Any CPU.ActiveCfg = Release|Any CPU
		{97E73B1F-A3B4-4626-8D92-6CA084282523}.Release|Any CPU.Build.0 = Release|Any CPU
		{97E73B1F-A3B4-4626-8D92-6CA084282523}.Release|x64.ActiveCfg = Release|Any CPU
		{97E73B1F-A3B4-4626-8D92-6CA084282523}.Release|x64.Build.0 = Release|Any CPU
		{97E73B1F-A3B4-4626-8D92-6CA084282523}.Release|x86.ActiveCfg = Release|Any CPU
		{97E73B1F-A3B4-4626-8D92-6CA084282523}.Release|x86.Build.0 = Release|Any CPU
		{C6D8AD4D-18F5-4A11-8614-5838FA5922C9}.Debug|Any CPU.ActiveCfg = Debug|x86
		{C6D8AD4D-18F5-4A11-8614-5838FA5922C9}.Debug|x64.ActiveCfg = Debug|x86
		{C6D8AD4D-18F5-4A11-8614-5838FA5922C9}.Debug|x86.ActiveCfg = Debug|x86
		{C6D8AD4D-18F5-4A11-8614-5838FA5922C9}.Debug|x86.Build.0 = Debug|x86
		{C6D8AD4D-18F5-4A11-8614-5838FA5922C9}.Release|Any CPU.ActiveCfg = Release|x86
		{C6D8AD4D-18F5-4A11-8614-5838FA5922C9}.Release|x64.ActiveCfg = Release|x86
		{C6D8AD4D-18F5-4A11-8614-5838FA5922C9}.Release|x86.ActiveCfg = Release|x86
		{C6D8AD4D-18F5-4A11-8614-5838FA5922C9}.Release|x86.Build.0 = Release|x86
		{2087F797-FC05-44C3-98CC-6CC09AF7245F}.Debug|Any CPU.ActiveCfg = Debug|Any CPU
		{2087F797-FC05-44C3-98CC-6CC09AF7245F}.Debug|Any CPU.Build.0 = Debug|Any CPU
		{2087F797-FC05-44C3-98CC-6CC09AF7245F}.Debug|x64.ActiveCfg = Debug|Any CPU
		{2087F797-FC05-44C3-98CC-6CC09AF7245F}.Debug|x64.Build.0 = Debug|Any CPU
		{2087F797-FC05-44C3-98CC-6CC09AF7245F}.Debug|x86.ActiveCfg = Debug|Any CPU
		{2087F797-FC05-44C3-98CC-6CC09AF7245F}.Debug|x86.Build.0 = Debug|Any CPU
		{2087F797-FC05-44C3-98CC-6CC09AF7245F}.Release|Any CPU.ActiveCfg = Release|Any CPU
		{2087F797-FC05-44C3-98CC-6CC09AF7245F}.Release|Any CPU.Build.0 = Release|Any CPU
		{2087F797-FC05-44C3-98CC-6CC09AF7245F}.Release|x64.ActiveCfg = Release|Any CPU
		{2087F797-FC05-44C3-98CC-6CC09AF7245F}.Release|x64.Build.0 = Release|Any CPU
		{2087F797-FC05-44C3-98CC-6CC09AF7245F}.Release|x86.ActiveCfg = Release|Any CPU
		{2087F797-FC05-44C3-98CC-6CC09AF7245F}.Release|x86.Build.0 = Release|Any CPU
		{53ACE724-CD7D-42DF-8970-DC39B36155DD}.Debug|Any CPU.ActiveCfg = Debug|x86
		{53ACE724-CD7D-42DF-8970-DC39B36155DD}.Debug|x64.ActiveCfg = Debug|x86
		{53ACE724-CD7D-42DF-8970-DC39B36155DD}.Debug|x86.ActiveCfg = Debug|x86
		{53ACE724-CD7D-42DF-8970-DC39B36155DD}.Debug|x86.Build.0 = Debug|x86
		{53ACE724-CD7D-42DF-8970-DC39B36155DD}.Release|Any CPU.ActiveCfg = Release|x86
		{53ACE724-CD7D-42DF-8970-DC39B36155DD}.Release|x64.ActiveCfg = Release|x86
		{53ACE724-CD7D-42DF-8970-DC39B36155DD}.Release|x86.ActiveCfg = Release|x86
		{53ACE724-CD7D-42DF-8970-DC39B36155DD}.Release|x86.Build.0 = Release|x86
		{BB41293F-CA44-4AE9-8198-AB1F2A0D71A5}.Debug|Any CPU.ActiveCfg = Debug|Any CPU
		{BB41293F-CA44-4AE9-8198-AB1F2A0D71A5}.Debug|Any CPU.Build.0 = Debug|Any CPU
		{BB41293F-CA44-4AE9-8198-AB1F2A0D71A5}.Debug|x64.ActiveCfg = Debug|Any CPU
		{BB41293F-CA44-4AE9-8198-AB1F2A0D71A5}.Debug|x64.Build.0 = Debug|Any CPU
		{BB41293F-CA44-4AE9-8198-AB1F2A0D71A5}.Debug|x86.ActiveCfg = Debug|Any CPU
		{BB41293F-CA44-4AE9-8198-AB1F2A0D71A5}.Debug|x86.Build.0 = Debug|Any CPU
		{BB41293F-CA44-4AE9-8198-AB1F2A0D71A5}.Release|Any CPU.ActiveCfg = Release|Any CPU
		{BB41293F-CA44-4AE9-8198-AB1F2A0D71A5}.Release|Any CPU.Build.0 = Release|Any CPU
		{BB41293F-CA44-4AE9-8198-AB1F2A0D71A5}.Release|x64.ActiveCfg = Release|Any CPU
		{BB41293F-CA44-4AE9-8198-AB1F2A0D71A5}.Release|x64.Build.0 = Release|Any CPU
		{BB41293F-CA44-4AE9-8198-AB1F2A0D71A5}.Release|x86.ActiveCfg = Release|Any CPU
		{BB41293F-CA44-4AE9-8198-AB1F2A0D71A5}.Release|x86.Build.0 = Release|Any CPU
		{85D58F6A-D2EE-4B6F-A19A-3F9CC1BABF6A}.Debug|Any CPU.ActiveCfg = Debug|Any CPU
		{85D58F6A-D2EE-4B6F-A19A-3F9CC1BABF6A}.Debug|Any CPU.Build.0 = Debug|Any CPU
		{85D58F6A-D2EE-4B6F-A19A-3F9CC1BABF6A}.Debug|x64.ActiveCfg = Debug|Any CPU
		{85D58F6A-D2EE-4B6F-A19A-3F9CC1BABF6A}.Debug|x64.Build.0 = Debug|Any CPU
		{85D58F6A-D2EE-4B6F-A19A-3F9CC1BABF6A}.Debug|x86.ActiveCfg = Debug|Any CPU
		{85D58F6A-D2EE-4B6F-A19A-3F9CC1BABF6A}.Debug|x86.Build.0 = Debug|Any CPU
		{85D58F6A-D2EE-4B6F-A19A-3F9CC1BABF6A}.Release|Any CPU.ActiveCfg = Release|Any CPU
		{85D58F6A-D2EE-4B6F-A19A-3F9CC1BABF6A}.Release|Any CPU.Build.0 = Release|Any CPU
		{85D58F6A-D2EE-4B6F-A19A-3F9CC1BABF6A}.Release|x64.ActiveCfg = Release|Any CPU
		{85D58F6A-D2EE-4B6F-A19A-3F9CC1BABF6A}.Release|x64.Build.0 = Release|Any CPU
		{85D58F6A-D2EE-4B6F-A19A-3F9CC1BABF6A}.Release|x86.ActiveCfg = Release|Any CPU
		{85D58F6A-D2EE-4B6F-A19A-3F9CC1BABF6A}.Release|x86.Build.0 = Release|Any CPU
		{2C133FBD-C138-43BB-9066-A9FECB1ABE86}.Debug|Any CPU.ActiveCfg = Debug|Any CPU
		{2C133FBD-C138-43BB-9066-A9FECB1ABE86}.Debug|Any CPU.Build.0 = Debug|Any CPU
		{2C133FBD-C138-43BB-9066-A9FECB1ABE86}.Debug|x64.ActiveCfg = Debug|Any CPU
		{2C133FBD-C138-43BB-9066-A9FECB1ABE86}.Debug|x64.Build.0 = Debug|Any CPU
		{2C133FBD-C138-43BB-9066-A9FECB1ABE86}.Debug|x86.ActiveCfg = Debug|Any CPU
		{2C133FBD-C138-43BB-9066-A9FECB1ABE86}.Debug|x86.Build.0 = Debug|Any CPU
		{2C133FBD-C138-43BB-9066-A9FECB1ABE86}.Release|Any CPU.ActiveCfg = Release|Any CPU
		{2C133FBD-C138-43BB-9066-A9FECB1ABE86}.Release|Any CPU.Build.0 = Release|Any CPU
		{2C133FBD-C138-43BB-9066-A9FECB1ABE86}.Release|x64.ActiveCfg = Release|Any CPU
		{2C133FBD-C138-43BB-9066-A9FECB1ABE86}.Release|x64.Build.0 = Release|Any CPU
		{2C133FBD-C138-43BB-9066-A9FECB1ABE86}.Release|x86.ActiveCfg = Release|Any CPU
		{2C133FBD-C138-43BB-9066-A9FECB1ABE86}.Release|x86.Build.0 = Release|Any CPU
		{4AE3E71F-D433-448B-ABFE-13491FAAB5A6}.Debug|Any CPU.ActiveCfg = Debug|Any CPU
		{4AE3E71F-D433-448B-ABFE-13491FAAB5A6}.Debug|Any CPU.Build.0 = Debug|Any CPU
		{4AE3E71F-D433-448B-ABFE-13491FAAB5A6}.Debug|x64.ActiveCfg = Debug|Any CPU
		{4AE3E71F-D433-448B-ABFE-13491FAAB5A6}.Debug|x64.Build.0 = Debug|Any CPU
		{4AE3E71F-D433-448B-ABFE-13491FAAB5A6}.Debug|x86.ActiveCfg = Debug|Any CPU
		{4AE3E71F-D433-448B-ABFE-13491FAAB5A6}.Debug|x86.Build.0 = Debug|Any CPU
		{4AE3E71F-D433-448B-ABFE-13491FAAB5A6}.Release|Any CPU.ActiveCfg = Release|Any CPU
		{4AE3E71F-D433-448B-ABFE-13491FAAB5A6}.Release|Any CPU.Build.0 = Release|Any CPU
		{4AE3E71F-D433-448B-ABFE-13491FAAB5A6}.Release|x64.ActiveCfg = Release|Any CPU
		{4AE3E71F-D433-448B-ABFE-13491FAAB5A6}.Release|x64.Build.0 = Release|Any CPU
		{4AE3E71F-D433-448B-ABFE-13491FAAB5A6}.Release|x86.ActiveCfg = Release|Any CPU
		{4AE3E71F-D433-448B-ABFE-13491FAAB5A6}.Release|x86.Build.0 = Release|Any CPU
		{24D84C19-B173-4635-91A6-42328BC694CE}.Debug|Any CPU.ActiveCfg = Debug|Any CPU
		{24D84C19-B173-4635-91A6-42328BC694CE}.Debug|Any CPU.Build.0 = Debug|Any CPU
		{24D84C19-B173-4635-91A6-42328BC694CE}.Debug|x64.ActiveCfg = Debug|Any CPU
		{24D84C19-B173-4635-91A6-42328BC694CE}.Debug|x64.Build.0 = Debug|Any CPU
		{24D84C19-B173-4635-91A6-42328BC694CE}.Debug|x86.ActiveCfg = Debug|Any CPU
		{24D84C19-B173-4635-91A6-42328BC694CE}.Debug|x86.Build.0 = Debug|Any CPU
		{24D84C19-B173-4635-91A6-42328BC694CE}.Release|Any CPU.ActiveCfg = Release|Any CPU
		{24D84C19-B173-4635-91A6-42328BC694CE}.Release|Any CPU.Build.0 = Release|Any CPU
		{24D84C19-B173-4635-91A6-42328BC694CE}.Release|x64.ActiveCfg = Release|Any CPU
		{24D84C19-B173-4635-91A6-42328BC694CE}.Release|x64.Build.0 = Release|Any CPU
		{24D84C19-B173-4635-91A6-42328BC694CE}.Release|x86.ActiveCfg = Release|Any CPU
		{24D84C19-B173-4635-91A6-42328BC694CE}.Release|x86.Build.0 = Release|Any CPU
		{AEA42454-7466-49CD-8075-3A153E6E770F}.Debug|Any CPU.ActiveCfg = Debug|Any CPU
		{AEA42454-7466-49CD-8075-3A153E6E770F}.Debug|Any CPU.Build.0 = Debug|Any CPU
		{AEA42454-7466-49CD-8075-3A153E6E770F}.Debug|x64.ActiveCfg = Debug|Any CPU
		{AEA42454-7466-49CD-8075-3A153E6E770F}.Debug|x64.Build.0 = Debug|Any CPU
		{AEA42454-7466-49CD-8075-3A153E6E770F}.Debug|x86.ActiveCfg = Debug|Any CPU
		{AEA42454-7466-49CD-8075-3A153E6E770F}.Debug|x86.Build.0 = Debug|Any CPU
		{AEA42454-7466-49CD-8075-3A153E6E770F}.Release|Any CPU.ActiveCfg = Release|Any CPU
		{AEA42454-7466-49CD-8075-3A153E6E770F}.Release|Any CPU.Build.0 = Release|Any CPU
		{AEA42454-7466-49CD-8075-3A153E6E770F}.Release|x64.ActiveCfg = Release|Any CPU
		{AEA42454-7466-49CD-8075-3A153E6E770F}.Release|x64.Build.0 = Release|Any CPU
		{AEA42454-7466-49CD-8075-3A153E6E770F}.Release|x86.ActiveCfg = Release|Any CPU
		{AEA42454-7466-49CD-8075-3A153E6E770F}.Release|x86.Build.0 = Release|Any CPU
		{1B0D283F-552E-47E5-B3EA-BEE2D86D49F1}.Debug|Any CPU.ActiveCfg = Debug|Any CPU
		{1B0D283F-552E-47E5-B3EA-BEE2D86D49F1}.Debug|Any CPU.Build.0 = Debug|Any CPU
		{1B0D283F-552E-47E5-B3EA-BEE2D86D49F1}.Debug|x64.ActiveCfg = Debug|Any CPU
		{1B0D283F-552E-47E5-B3EA-BEE2D86D49F1}.Debug|x64.Build.0 = Debug|Any CPU
		{1B0D283F-552E-47E5-B3EA-BEE2D86D49F1}.Debug|x86.ActiveCfg = Debug|Any CPU
		{1B0D283F-552E-47E5-B3EA-BEE2D86D49F1}.Debug|x86.Build.0 = Debug|Any CPU
		{1B0D283F-552E-47E5-B3EA-BEE2D86D49F1}.Release|Any CPU.ActiveCfg = Release|Any CPU
		{1B0D283F-552E-47E5-B3EA-BEE2D86D49F1}.Release|Any CPU.Build.0 = Release|Any CPU
		{1B0D283F-552E-47E5-B3EA-BEE2D86D49F1}.Release|x64.ActiveCfg = Release|Any CPU
		{1B0D283F-552E-47E5-B3EA-BEE2D86D49F1}.Release|x64.Build.0 = Release|Any CPU
		{1B0D283F-552E-47E5-B3EA-BEE2D86D49F1}.Release|x86.ActiveCfg = Release|Any CPU
		{1B0D283F-552E-47E5-B3EA-BEE2D86D49F1}.Release|x86.Build.0 = Release|Any CPU
		{F418026E-3A3E-44A3-ADA1-B8127B948A8D}.Debug|Any CPU.ActiveCfg = Debug|Any CPU
		{F418026E-3A3E-44A3-ADA1-B8127B948A8D}.Debug|Any CPU.Build.0 = Debug|Any CPU
		{F418026E-3A3E-44A3-ADA1-B8127B948A8D}.Debug|x64.ActiveCfg = Debug|Any CPU
		{F418026E-3A3E-44A3-ADA1-B8127B948A8D}.Debug|x64.Build.0 = Debug|Any CPU
		{F418026E-3A3E-44A3-ADA1-B8127B948A8D}.Debug|x86.ActiveCfg = Debug|Any CPU
		{F418026E-3A3E-44A3-ADA1-B8127B948A8D}.Debug|x86.Build.0 = Debug|Any CPU
		{F418026E-3A3E-44A3-ADA1-B8127B948A8D}.Release|Any CPU.ActiveCfg = Release|Any CPU
		{F418026E-3A3E-44A3-ADA1-B8127B948A8D}.Release|Any CPU.Build.0 = Release|Any CPU
		{F418026E-3A3E-44A3-ADA1-B8127B948A8D}.Release|x64.ActiveCfg = Release|Any CPU
		{F418026E-3A3E-44A3-ADA1-B8127B948A8D}.Release|x64.Build.0 = Release|Any CPU
		{F418026E-3A3E-44A3-ADA1-B8127B948A8D}.Release|x86.ActiveCfg = Release|Any CPU
		{F418026E-3A3E-44A3-ADA1-B8127B948A8D}.Release|x86.Build.0 = Release|Any CPU
		{D1CD7806-99BF-463D-807D-AF5DE50EA49C}.Debug|Any CPU.ActiveCfg = Debug|Any CPU
		{D1CD7806-99BF-463D-807D-AF5DE50EA49C}.Debug|Any CPU.Build.0 = Debug|Any CPU
		{D1CD7806-99BF-463D-807D-AF5DE50EA49C}.Debug|x64.ActiveCfg = Debug|Any CPU
		{D1CD7806-99BF-463D-807D-AF5DE50EA49C}.Debug|x64.Build.0 = Debug|Any CPU
		{D1CD7806-99BF-463D-807D-AF5DE50EA49C}.Debug|x86.ActiveCfg = Debug|Any CPU
		{D1CD7806-99BF-463D-807D-AF5DE50EA49C}.Debug|x86.Build.0 = Debug|Any CPU
		{D1CD7806-99BF-463D-807D-AF5DE50EA49C}.Release|Any CPU.ActiveCfg = Release|Any CPU
		{D1CD7806-99BF-463D-807D-AF5DE50EA49C}.Release|Any CPU.Build.0 = Release|Any CPU
		{D1CD7806-99BF-463D-807D-AF5DE50EA49C}.Release|x64.ActiveCfg = Release|Any CPU
		{D1CD7806-99BF-463D-807D-AF5DE50EA49C}.Release|x64.Build.0 = Release|Any CPU
		{D1CD7806-99BF-463D-807D-AF5DE50EA49C}.Release|x86.ActiveCfg = Release|Any CPU
		{D1CD7806-99BF-463D-807D-AF5DE50EA49C}.Release|x86.Build.0 = Release|Any CPU
		{D1D039AE-4BB7-436B-9F44-309D81599D31}.Debug|Any CPU.ActiveCfg = Debug|Any CPU
		{D1D039AE-4BB7-436B-9F44-309D81599D31}.Debug|Any CPU.Build.0 = Debug|Any CPU
		{D1D039AE-4BB7-436B-9F44-309D81599D31}.Debug|x64.ActiveCfg = Debug|Any CPU
		{D1D039AE-4BB7-436B-9F44-309D81599D31}.Debug|x64.Build.0 = Debug|Any CPU
		{D1D039AE-4BB7-436B-9F44-309D81599D31}.Debug|x86.ActiveCfg = Debug|Any CPU
		{D1D039AE-4BB7-436B-9F44-309D81599D31}.Debug|x86.Build.0 = Debug|Any CPU
		{D1D039AE-4BB7-436B-9F44-309D81599D31}.Release|Any CPU.ActiveCfg = Release|Any CPU
		{D1D039AE-4BB7-436B-9F44-309D81599D31}.Release|Any CPU.Build.0 = Release|Any CPU
		{D1D039AE-4BB7-436B-9F44-309D81599D31}.Release|x64.ActiveCfg = Release|Any CPU
		{D1D039AE-4BB7-436B-9F44-309D81599D31}.Release|x64.Build.0 = Release|Any CPU
		{D1D039AE-4BB7-436B-9F44-309D81599D31}.Release|x86.ActiveCfg = Release|Any CPU
		{D1D039AE-4BB7-436B-9F44-309D81599D31}.Release|x86.Build.0 = Release|Any CPU
		{7153330D-B848-4C04-8CD2-F4C317CA34EF}.Debug|Any CPU.ActiveCfg = Debug|Any CPU
		{7153330D-B848-4C04-8CD2-F4C317CA34EF}.Debug|Any CPU.Build.0 = Debug|Any CPU
		{7153330D-B848-4C04-8CD2-F4C317CA34EF}.Debug|x64.ActiveCfg = Debug|Any CPU
		{7153330D-B848-4C04-8CD2-F4C317CA34EF}.Debug|x64.Build.0 = Debug|Any CPU
		{7153330D-B848-4C04-8CD2-F4C317CA34EF}.Debug|x86.ActiveCfg = Debug|Any CPU
		{7153330D-B848-4C04-8CD2-F4C317CA34EF}.Debug|x86.Build.0 = Debug|Any CPU
		{7153330D-B848-4C04-8CD2-F4C317CA34EF}.Release|Any CPU.ActiveCfg = Release|Any CPU
		{7153330D-B848-4C04-8CD2-F4C317CA34EF}.Release|Any CPU.Build.0 = Release|Any CPU
		{7153330D-B848-4C04-8CD2-F4C317CA34EF}.Release|x64.ActiveCfg = Release|Any CPU
		{7153330D-B848-4C04-8CD2-F4C317CA34EF}.Release|x64.Build.0 = Release|Any CPU
		{7153330D-B848-4C04-8CD2-F4C317CA34EF}.Release|x86.ActiveCfg = Release|Any CPU
		{7153330D-B848-4C04-8CD2-F4C317CA34EF}.Release|x86.Build.0 = Release|Any CPU
		{C6C25F4D-24D4-4009-A52A-034F8A6653EA}.Debug|Any CPU.ActiveCfg = Debug|Any CPU
		{C6C25F4D-24D4-4009-A52A-034F8A6653EA}.Debug|Any CPU.Build.0 = Debug|Any CPU
		{C6C25F4D-24D4-4009-A52A-034F8A6653EA}.Debug|x64.ActiveCfg = Debug|Any CPU
		{C6C25F4D-24D4-4009-A52A-034F8A6653EA}.Debug|x64.Build.0 = Debug|Any CPU
		{C6C25F4D-24D4-4009-A52A-034F8A6653EA}.Debug|x86.ActiveCfg = Debug|Any CPU
		{C6C25F4D-24D4-4009-A52A-034F8A6653EA}.Debug|x86.Build.0 = Debug|Any CPU
		{C6C25F4D-24D4-4009-A52A-034F8A6653EA}.Release|Any CPU.ActiveCfg = Release|Any CPU
		{C6C25F4D-24D4-4009-A52A-034F8A6653EA}.Release|Any CPU.Build.0 = Release|Any CPU
		{C6C25F4D-24D4-4009-A52A-034F8A6653EA}.Release|x64.ActiveCfg = Release|Any CPU
		{C6C25F4D-24D4-4009-A52A-034F8A6653EA}.Release|x64.Build.0 = Release|Any CPU
		{C6C25F4D-24D4-4009-A52A-034F8A6653EA}.Release|x86.ActiveCfg = Release|Any CPU
		{C6C25F4D-24D4-4009-A52A-034F8A6653EA}.Release|x86.Build.0 = Release|Any CPU
		{00C2C3B5-CD73-4017-B4E6-696575FB4071}.Debug|Any CPU.ActiveCfg = Debug|Any CPU
		{00C2C3B5-CD73-4017-B4E6-696575FB4071}.Debug|Any CPU.Build.0 = Debug|Any CPU
		{00C2C3B5-CD73-4017-B4E6-696575FB4071}.Debug|x64.ActiveCfg = Debug|Any CPU
		{00C2C3B5-CD73-4017-B4E6-696575FB4071}.Debug|x64.Build.0 = Debug|Any CPU
		{00C2C3B5-CD73-4017-B4E6-696575FB4071}.Debug|x86.ActiveCfg = Debug|Any CPU
		{00C2C3B5-CD73-4017-B4E6-696575FB4071}.Debug|x86.Build.0 = Debug|Any CPU
		{00C2C3B5-CD73-4017-B4E6-696575FB4071}.Release|Any CPU.ActiveCfg = Release|Any CPU
		{00C2C3B5-CD73-4017-B4E6-696575FB4071}.Release|Any CPU.Build.0 = Release|Any CPU
		{00C2C3B5-CD73-4017-B4E6-696575FB4071}.Release|x64.ActiveCfg = Release|Any CPU
		{00C2C3B5-CD73-4017-B4E6-696575FB4071}.Release|x64.Build.0 = Release|Any CPU
		{00C2C3B5-CD73-4017-B4E6-696575FB4071}.Release|x86.ActiveCfg = Release|Any CPU
		{00C2C3B5-CD73-4017-B4E6-696575FB4071}.Release|x86.Build.0 = Release|Any CPU
		{1DEA4099-151B-4A41-BBCE-EC31430E020A}.Debug|Any CPU.ActiveCfg = Debug|Any CPU
		{1DEA4099-151B-4A41-BBCE-EC31430E020A}.Debug|Any CPU.Build.0 = Debug|Any CPU
		{1DEA4099-151B-4A41-BBCE-EC31430E020A}.Debug|x64.ActiveCfg = Debug|Any CPU
		{1DEA4099-151B-4A41-BBCE-EC31430E020A}.Debug|x64.Build.0 = Debug|Any CPU
		{1DEA4099-151B-4A41-BBCE-EC31430E020A}.Debug|x86.ActiveCfg = Debug|Any CPU
		{1DEA4099-151B-4A41-BBCE-EC31430E020A}.Debug|x86.Build.0 = Debug|Any CPU
		{1DEA4099-151B-4A41-BBCE-EC31430E020A}.Release|Any CPU.ActiveCfg = Release|Any CPU
		{1DEA4099-151B-4A41-BBCE-EC31430E020A}.Release|Any CPU.Build.0 = Release|Any CPU
		{1DEA4099-151B-4A41-BBCE-EC31430E020A}.Release|x64.ActiveCfg = Release|Any CPU
		{1DEA4099-151B-4A41-BBCE-EC31430E020A}.Release|x64.Build.0 = Release|Any CPU
		{1DEA4099-151B-4A41-BBCE-EC31430E020A}.Release|x86.ActiveCfg = Release|Any CPU
		{1DEA4099-151B-4A41-BBCE-EC31430E020A}.Release|x86.Build.0 = Release|Any CPU
		{C93B9AFD-6884-45EB-A6E1-1EC89EBA84D6}.Debug|Any CPU.ActiveCfg = Debug|Any CPU
		{C93B9AFD-6884-45EB-A6E1-1EC89EBA84D6}.Debug|Any CPU.Build.0 = Debug|Any CPU
		{C93B9AFD-6884-45EB-A6E1-1EC89EBA84D6}.Debug|x64.ActiveCfg = Debug|x64
		{C93B9AFD-6884-45EB-A6E1-1EC89EBA84D6}.Debug|x64.Build.0 = Debug|x64
		{C93B9AFD-6884-45EB-A6E1-1EC89EBA84D6}.Debug|x86.ActiveCfg = Debug|Any CPU
		{C93B9AFD-6884-45EB-A6E1-1EC89EBA84D6}.Debug|x86.Build.0 = Debug|Any CPU
		{C93B9AFD-6884-45EB-A6E1-1EC89EBA84D6}.Release|Any CPU.ActiveCfg = Release|Any CPU
		{C93B9AFD-6884-45EB-A6E1-1EC89EBA84D6}.Release|Any CPU.Build.0 = Release|Any CPU
		{C93B9AFD-6884-45EB-A6E1-1EC89EBA84D6}.Release|x64.ActiveCfg = Release|x64
		{C93B9AFD-6884-45EB-A6E1-1EC89EBA84D6}.Release|x64.Build.0 = Release|x64
		{C93B9AFD-6884-45EB-A6E1-1EC89EBA84D6}.Release|x86.ActiveCfg = Release|Any CPU
		{C93B9AFD-6884-45EB-A6E1-1EC89EBA84D6}.Release|x86.Build.0 = Release|Any CPU
		{55B13B05-A14B-4486-AF65-256AA57526DF}.Debug|Any CPU.ActiveCfg = Debug|Any CPU
		{55B13B05-A14B-4486-AF65-256AA57526DF}.Debug|Any CPU.Build.0 = Debug|Any CPU
		{55B13B05-A14B-4486-AF65-256AA57526DF}.Debug|x64.ActiveCfg = Debug|x64
		{55B13B05-A14B-4486-AF65-256AA57526DF}.Debug|x64.Build.0 = Debug|x64
		{55B13B05-A14B-4486-AF65-256AA57526DF}.Debug|x86.ActiveCfg = Debug|Any CPU
		{55B13B05-A14B-4486-AF65-256AA57526DF}.Debug|x86.Build.0 = Debug|Any CPU
		{55B13B05-A14B-4486-AF65-256AA57526DF}.Release|Any CPU.ActiveCfg = Release|Any CPU
		{55B13B05-A14B-4486-AF65-256AA57526DF}.Release|Any CPU.Build.0 = Release|Any CPU
		{55B13B05-A14B-4486-AF65-256AA57526DF}.Release|x64.ActiveCfg = Release|x64
		{55B13B05-A14B-4486-AF65-256AA57526DF}.Release|x64.Build.0 = Release|x64
		{55B13B05-A14B-4486-AF65-256AA57526DF}.Release|x86.ActiveCfg = Release|Any CPU
		{55B13B05-A14B-4486-AF65-256AA57526DF}.Release|x86.Build.0 = Release|Any CPU
		{9BFCF1DC-8FBF-4827-970D-3AC822C2FFC0}.Debug|Any CPU.ActiveCfg = Debug|Any CPU
		{9BFCF1DC-8FBF-4827-970D-3AC822C2FFC0}.Debug|Any CPU.Build.0 = Debug|Any CPU
		{9BFCF1DC-8FBF-4827-970D-3AC822C2FFC0}.Debug|x64.ActiveCfg = Debug|Any CPU
		{9BFCF1DC-8FBF-4827-970D-3AC822C2FFC0}.Debug|x64.Build.0 = Debug|Any CPU
		{9BFCF1DC-8FBF-4827-970D-3AC822C2FFC0}.Debug|x86.ActiveCfg = Debug|Any CPU
		{9BFCF1DC-8FBF-4827-970D-3AC822C2FFC0}.Debug|x86.Build.0 = Debug|Any CPU
		{9BFCF1DC-8FBF-4827-970D-3AC822C2FFC0}.Release|Any CPU.ActiveCfg = Release|Any CPU
		{9BFCF1DC-8FBF-4827-970D-3AC822C2FFC0}.Release|Any CPU.Build.0 = Release|Any CPU
		{9BFCF1DC-8FBF-4827-970D-3AC822C2FFC0}.Release|x64.ActiveCfg = Release|Any CPU
		{9BFCF1DC-8FBF-4827-970D-3AC822C2FFC0}.Release|x64.Build.0 = Release|Any CPU
		{9BFCF1DC-8FBF-4827-970D-3AC822C2FFC0}.Release|x86.ActiveCfg = Release|Any CPU
		{9BFCF1DC-8FBF-4827-970D-3AC822C2FFC0}.Release|x86.Build.0 = Release|Any CPU
		{D83E7FED-0256-47C2-B96F-EFB1BA1554BB}.Debug|Any CPU.ActiveCfg = Debug|Any CPU
		{D83E7FED-0256-47C2-B96F-EFB1BA1554BB}.Debug|Any CPU.Build.0 = Debug|Any CPU
		{D83E7FED-0256-47C2-B96F-EFB1BA1554BB}.Debug|x64.ActiveCfg = Debug|Any CPU
		{D83E7FED-0256-47C2-B96F-EFB1BA1554BB}.Debug|x64.Build.0 = Debug|Any CPU
		{D83E7FED-0256-47C2-B96F-EFB1BA1554BB}.Debug|x86.ActiveCfg = Debug|Any CPU
		{D83E7FED-0256-47C2-B96F-EFB1BA1554BB}.Debug|x86.Build.0 = Debug|Any CPU
		{D83E7FED-0256-47C2-B96F-EFB1BA1554BB}.Release|Any CPU.ActiveCfg = Release|Any CPU
		{D83E7FED-0256-47C2-B96F-EFB1BA1554BB}.Release|Any CPU.Build.0 = Release|Any CPU
		{D83E7FED-0256-47C2-B96F-EFB1BA1554BB}.Release|x64.ActiveCfg = Release|Any CPU
		{D83E7FED-0256-47C2-B96F-EFB1BA1554BB}.Release|x64.Build.0 = Release|Any CPU
		{D83E7FED-0256-47C2-B96F-EFB1BA1554BB}.Release|x86.ActiveCfg = Release|Any CPU
		{D83E7FED-0256-47C2-B96F-EFB1BA1554BB}.Release|x86.Build.0 = Release|Any CPU
		{99146D90-BB96-4DD5-BCBB-085F7C6CB0D9}.Debug|Any CPU.ActiveCfg = Debug|Any CPU
		{99146D90-BB96-4DD5-BCBB-085F7C6CB0D9}.Debug|Any CPU.Build.0 = Debug|Any CPU
		{99146D90-BB96-4DD5-BCBB-085F7C6CB0D9}.Debug|x64.ActiveCfg = Debug|x64
		{99146D90-BB96-4DD5-BCBB-085F7C6CB0D9}.Debug|x64.Build.0 = Debug|x64
		{99146D90-BB96-4DD5-BCBB-085F7C6CB0D9}.Debug|x86.ActiveCfg = Debug|Any CPU
		{99146D90-BB96-4DD5-BCBB-085F7C6CB0D9}.Debug|x86.Build.0 = Debug|Any CPU
		{99146D90-BB96-4DD5-BCBB-085F7C6CB0D9}.Release|Any CPU.ActiveCfg = Release|Any CPU
		{99146D90-BB96-4DD5-BCBB-085F7C6CB0D9}.Release|Any CPU.Build.0 = Release|Any CPU
		{99146D90-BB96-4DD5-BCBB-085F7C6CB0D9}.Release|x64.ActiveCfg = Release|x64
		{99146D90-BB96-4DD5-BCBB-085F7C6CB0D9}.Release|x64.Build.0 = Release|x64
		{99146D90-BB96-4DD5-BCBB-085F7C6CB0D9}.Release|x86.ActiveCfg = Release|Any CPU
		{99146D90-BB96-4DD5-BCBB-085F7C6CB0D9}.Release|x86.Build.0 = Release|Any CPU
		{E4D2EFD2-D1E3-4B1F-96D3-34D97321D7A4}.Debug|Any CPU.ActiveCfg = Debug|Any CPU
		{E4D2EFD2-D1E3-4B1F-96D3-34D97321D7A4}.Debug|Any CPU.Build.0 = Debug|Any CPU
		{E4D2EFD2-D1E3-4B1F-96D3-34D97321D7A4}.Debug|x64.ActiveCfg = Debug|x64
		{E4D2EFD2-D1E3-4B1F-96D3-34D97321D7A4}.Debug|x64.Build.0 = Debug|x64
		{E4D2EFD2-D1E3-4B1F-96D3-34D97321D7A4}.Debug|x86.ActiveCfg = Debug|Any CPU
		{E4D2EFD2-D1E3-4B1F-96D3-34D97321D7A4}.Debug|x86.Build.0 = Debug|Any CPU
		{E4D2EFD2-D1E3-4B1F-96D3-34D97321D7A4}.Release|Any CPU.ActiveCfg = Release|Any CPU
		{E4D2EFD2-D1E3-4B1F-96D3-34D97321D7A4}.Release|Any CPU.Build.0 = Release|Any CPU
		{E4D2EFD2-D1E3-4B1F-96D3-34D97321D7A4}.Release|x64.ActiveCfg = Release|x64
		{E4D2EFD2-D1E3-4B1F-96D3-34D97321D7A4}.Release|x64.Build.0 = Release|x64
		{E4D2EFD2-D1E3-4B1F-96D3-34D97321D7A4}.Release|x86.ActiveCfg = Release|Any CPU
		{E4D2EFD2-D1E3-4B1F-96D3-34D97321D7A4}.Release|x86.Build.0 = Release|Any CPU
		{A45C0330-9803-4BFE-8B35-490D90441A18}.Debug|Any CPU.ActiveCfg = Debug|Any CPU
		{A45C0330-9803-4BFE-8B35-490D90441A18}.Debug|Any CPU.Build.0 = Debug|Any CPU
		{A45C0330-9803-4BFE-8B35-490D90441A18}.Debug|x64.ActiveCfg = Debug|x64
		{A45C0330-9803-4BFE-8B35-490D90441A18}.Debug|x64.Build.0 = Debug|x64
		{A45C0330-9803-4BFE-8B35-490D90441A18}.Debug|x86.ActiveCfg = Debug|Any CPU
		{A45C0330-9803-4BFE-8B35-490D90441A18}.Debug|x86.Build.0 = Debug|Any CPU
		{A45C0330-9803-4BFE-8B35-490D90441A18}.Release|Any CPU.ActiveCfg = Release|Any CPU
		{A45C0330-9803-4BFE-8B35-490D90441A18}.Release|Any CPU.Build.0 = Release|Any CPU
		{A45C0330-9803-4BFE-8B35-490D90441A18}.Release|x64.ActiveCfg = Release|x64
		{A45C0330-9803-4BFE-8B35-490D90441A18}.Release|x64.Build.0 = Release|x64
		{A45C0330-9803-4BFE-8B35-490D90441A18}.Release|x86.ActiveCfg = Release|Any CPU
		{A45C0330-9803-4BFE-8B35-490D90441A18}.Release|x86.Build.0 = Release|Any CPU
		{DF8823DA-C455-450A-AEEE-BCB8AF0C8F71}.Debug|Any CPU.ActiveCfg = Debug|Any CPU
		{DF8823DA-C455-450A-AEEE-BCB8AF0C8F71}.Debug|Any CPU.Build.0 = Debug|Any CPU
		{DF8823DA-C455-450A-AEEE-BCB8AF0C8F71}.Debug|x64.ActiveCfg = Debug|Any CPU
		{DF8823DA-C455-450A-AEEE-BCB8AF0C8F71}.Debug|x64.Build.0 = Debug|Any CPU
		{DF8823DA-C455-450A-AEEE-BCB8AF0C8F71}.Debug|x86.ActiveCfg = Debug|Any CPU
		{DF8823DA-C455-450A-AEEE-BCB8AF0C8F71}.Debug|x86.Build.0 = Debug|Any CPU
		{DF8823DA-C455-450A-AEEE-BCB8AF0C8F71}.Release|Any CPU.ActiveCfg = Release|Any CPU
		{DF8823DA-C455-450A-AEEE-BCB8AF0C8F71}.Release|Any CPU.Build.0 = Release|Any CPU
		{DF8823DA-C455-450A-AEEE-BCB8AF0C8F71}.Release|x64.ActiveCfg = Release|Any CPU
		{DF8823DA-C455-450A-AEEE-BCB8AF0C8F71}.Release|x64.Build.0 = Release|Any CPU
		{DF8823DA-C455-450A-AEEE-BCB8AF0C8F71}.Release|x86.ActiveCfg = Release|Any CPU
		{DF8823DA-C455-450A-AEEE-BCB8AF0C8F71}.Release|x86.Build.0 = Release|Any CPU
		{8DBDDFC1-808D-4F73-9244-84A0E105C9E6}.Debug|Any CPU.ActiveCfg = Debug|Any CPU
		{8DBDDFC1-808D-4F73-9244-84A0E105C9E6}.Debug|Any CPU.Build.0 = Debug|Any CPU
		{8DBDDFC1-808D-4F73-9244-84A0E105C9E6}.Debug|x64.ActiveCfg = Debug|Any CPU
		{8DBDDFC1-808D-4F73-9244-84A0E105C9E6}.Debug|x64.Build.0 = Debug|Any CPU
		{8DBDDFC1-808D-4F73-9244-84A0E105C9E6}.Debug|x86.ActiveCfg = Debug|Any CPU
		{8DBDDFC1-808D-4F73-9244-84A0E105C9E6}.Debug|x86.Build.0 = Debug|Any CPU
		{8DBDDFC1-808D-4F73-9244-84A0E105C9E6}.Release|Any CPU.ActiveCfg = Release|Any CPU
		{8DBDDFC1-808D-4F73-9244-84A0E105C9E6}.Release|Any CPU.Build.0 = Release|Any CPU
		{8DBDDFC1-808D-4F73-9244-84A0E105C9E6}.Release|x64.ActiveCfg = Release|Any CPU
		{8DBDDFC1-808D-4F73-9244-84A0E105C9E6}.Release|x64.Build.0 = Release|Any CPU
		{8DBDDFC1-808D-4F73-9244-84A0E105C9E6}.Release|x86.ActiveCfg = Release|Any CPU
		{8DBDDFC1-808D-4F73-9244-84A0E105C9E6}.Release|x86.Build.0 = Release|Any CPU
		{93F4EFD8-C87D-4E7C-B88F-9F9BB20EA36E}.Debug|Any CPU.ActiveCfg = Debug|Any CPU
		{93F4EFD8-C87D-4E7C-B88F-9F9BB20EA36E}.Debug|Any CPU.Build.0 = Debug|Any CPU
		{93F4EFD8-C87D-4E7C-B88F-9F9BB20EA36E}.Debug|x64.ActiveCfg = Debug|Any CPU
		{93F4EFD8-C87D-4E7C-B88F-9F9BB20EA36E}.Debug|x64.Build.0 = Debug|Any CPU
		{93F4EFD8-C87D-4E7C-B88F-9F9BB20EA36E}.Debug|x86.ActiveCfg = Debug|Any CPU
		{93F4EFD8-C87D-4E7C-B88F-9F9BB20EA36E}.Debug|x86.Build.0 = Debug|Any CPU
		{93F4EFD8-C87D-4E7C-B88F-9F9BB20EA36E}.Release|Any CPU.ActiveCfg = Release|Any CPU
		{93F4EFD8-C87D-4E7C-B88F-9F9BB20EA36E}.Release|Any CPU.Build.0 = Release|Any CPU
		{93F4EFD8-C87D-4E7C-B88F-9F9BB20EA36E}.Release|x64.ActiveCfg = Release|Any CPU
		{93F4EFD8-C87D-4E7C-B88F-9F9BB20EA36E}.Release|x64.Build.0 = Release|Any CPU
		{93F4EFD8-C87D-4E7C-B88F-9F9BB20EA36E}.Release|x86.ActiveCfg = Release|Any CPU
		{93F4EFD8-C87D-4E7C-B88F-9F9BB20EA36E}.Release|x86.Build.0 = Release|Any CPU
		{FCB090AE-701D-4E38-BE67-5B4A9CFDD907}.Debug|Any CPU.ActiveCfg = Debug|Any CPU
		{FCB090AE-701D-4E38-BE67-5B4A9CFDD907}.Debug|Any CPU.Build.0 = Debug|Any CPU
		{FCB090AE-701D-4E38-BE67-5B4A9CFDD907}.Debug|x64.ActiveCfg = Debug|Any CPU
		{FCB090AE-701D-4E38-BE67-5B4A9CFDD907}.Debug|x64.Build.0 = Debug|Any CPU
		{FCB090AE-701D-4E38-BE67-5B4A9CFDD907}.Debug|x86.ActiveCfg = Debug|Any CPU
		{FCB090AE-701D-4E38-BE67-5B4A9CFDD907}.Debug|x86.Build.0 = Debug|Any CPU
		{FCB090AE-701D-4E38-BE67-5B4A9CFDD907}.Release|Any CPU.ActiveCfg = Release|Any CPU
		{FCB090AE-701D-4E38-BE67-5B4A9CFDD907}.Release|Any CPU.Build.0 = Release|Any CPU
		{FCB090AE-701D-4E38-BE67-5B4A9CFDD907}.Release|x64.ActiveCfg = Release|Any CPU
		{FCB090AE-701D-4E38-BE67-5B4A9CFDD907}.Release|x64.Build.0 = Release|Any CPU
		{FCB090AE-701D-4E38-BE67-5B4A9CFDD907}.Release|x86.ActiveCfg = Release|Any CPU
		{FCB090AE-701D-4E38-BE67-5B4A9CFDD907}.Release|x86.Build.0 = Release|Any CPU
		{4E70E567-E814-43C9-B837-EFA59D8F77E0}.Debug|Any CPU.ActiveCfg = Debug|Any CPU
		{4E70E567-E814-43C9-B837-EFA59D8F77E0}.Debug|Any CPU.Build.0 = Debug|Any CPU
		{4E70E567-E814-43C9-B837-EFA59D8F77E0}.Debug|x64.ActiveCfg = Debug|x64
		{4E70E567-E814-43C9-B837-EFA59D8F77E0}.Debug|x64.Build.0 = Debug|x64
		{4E70E567-E814-43C9-B837-EFA59D8F77E0}.Debug|x86.ActiveCfg = Debug|Any CPU
		{4E70E567-E814-43C9-B837-EFA59D8F77E0}.Debug|x86.Build.0 = Debug|Any CPU
		{4E70E567-E814-43C9-B837-EFA59D8F77E0}.Release|Any CPU.ActiveCfg = Release|Any CPU
		{4E70E567-E814-43C9-B837-EFA59D8F77E0}.Release|Any CPU.Build.0 = Release|Any CPU
		{4E70E567-E814-43C9-B837-EFA59D8F77E0}.Release|x64.ActiveCfg = Release|x64
		{4E70E567-E814-43C9-B837-EFA59D8F77E0}.Release|x64.Build.0 = Release|x64
		{4E70E567-E814-43C9-B837-EFA59D8F77E0}.Release|x86.ActiveCfg = Release|Any CPU
		{4E70E567-E814-43C9-B837-EFA59D8F77E0}.Release|x86.Build.0 = Release|Any CPU
		{C857006A-362D-4EC5-A633-FA19857649B7}.Debug|Any CPU.ActiveCfg = Debug|Any CPU
		{C857006A-362D-4EC5-A633-FA19857649B7}.Debug|Any CPU.Build.0 = Debug|Any CPU
		{C857006A-362D-4EC5-A633-FA19857649B7}.Debug|x64.ActiveCfg = Debug|Any CPU
		{C857006A-362D-4EC5-A633-FA19857649B7}.Debug|x64.Build.0 = Debug|Any CPU
		{C857006A-362D-4EC5-A633-FA19857649B7}.Debug|x86.ActiveCfg = Debug|Any CPU
		{C857006A-362D-4EC5-A633-FA19857649B7}.Debug|x86.Build.0 = Debug|Any CPU
		{C857006A-362D-4EC5-A633-FA19857649B7}.Release|Any CPU.ActiveCfg = Release|Any CPU
		{C857006A-362D-4EC5-A633-FA19857649B7}.Release|Any CPU.Build.0 = Release|Any CPU
		{C857006A-362D-4EC5-A633-FA19857649B7}.Release|x64.ActiveCfg = Release|Any CPU
		{C857006A-362D-4EC5-A633-FA19857649B7}.Release|x64.Build.0 = Release|Any CPU
		{C857006A-362D-4EC5-A633-FA19857649B7}.Release|x86.ActiveCfg = Release|Any CPU
		{C857006A-362D-4EC5-A633-FA19857649B7}.Release|x86.Build.0 = Release|Any CPU
		{98ED8DB4-701B-4EB6-B177-549A67E300B3}.Debug|Any CPU.ActiveCfg = Debug|Any CPU
		{98ED8DB4-701B-4EB6-B177-549A67E300B3}.Debug|Any CPU.Build.0 = Debug|Any CPU
		{98ED8DB4-701B-4EB6-B177-549A67E300B3}.Debug|x64.ActiveCfg = Debug|Any CPU
		{98ED8DB4-701B-4EB6-B177-549A67E300B3}.Debug|x64.Build.0 = Debug|Any CPU
		{98ED8DB4-701B-4EB6-B177-549A67E300B3}.Debug|x86.ActiveCfg = Debug|Any CPU
		{98ED8DB4-701B-4EB6-B177-549A67E300B3}.Debug|x86.Build.0 = Debug|Any CPU
		{98ED8DB4-701B-4EB6-B177-549A67E300B3}.Release|Any CPU.ActiveCfg = Release|Any CPU
		{98ED8DB4-701B-4EB6-B177-549A67E300B3}.Release|Any CPU.Build.0 = Release|Any CPU
		{98ED8DB4-701B-4EB6-B177-549A67E300B3}.Release|x64.ActiveCfg = Release|Any CPU
		{98ED8DB4-701B-4EB6-B177-549A67E300B3}.Release|x64.Build.0 = Release|Any CPU
		{98ED8DB4-701B-4EB6-B177-549A67E300B3}.Release|x86.ActiveCfg = Release|Any CPU
		{98ED8DB4-701B-4EB6-B177-549A67E300B3}.Release|x86.Build.0 = Release|Any CPU
		{2E6C4539-EDFB-4EFA-A840-767BCA379EA1}.Debug|Any CPU.ActiveCfg = Debug|Any CPU
		{2E6C4539-EDFB-4EFA-A840-767BCA379EA1}.Debug|Any CPU.Build.0 = Debug|Any CPU
		{2E6C4539-EDFB-4EFA-A840-767BCA379EA1}.Debug|x64.ActiveCfg = Debug|Any CPU
		{2E6C4539-EDFB-4EFA-A840-767BCA379EA1}.Debug|x64.Build.0 = Debug|Any CPU
		{2E6C4539-EDFB-4EFA-A840-767BCA379EA1}.Debug|x86.ActiveCfg = Debug|Any CPU
		{2E6C4539-EDFB-4EFA-A840-767BCA379EA1}.Debug|x86.Build.0 = Debug|Any CPU
		{2E6C4539-EDFB-4EFA-A840-767BCA379EA1}.Release|Any CPU.ActiveCfg = Release|Any CPU
		{2E6C4539-EDFB-4EFA-A840-767BCA379EA1}.Release|Any CPU.Build.0 = Release|Any CPU
		{2E6C4539-EDFB-4EFA-A840-767BCA379EA1}.Release|x64.ActiveCfg = Release|Any CPU
		{2E6C4539-EDFB-4EFA-A840-767BCA379EA1}.Release|x64.Build.0 = Release|Any CPU
		{2E6C4539-EDFB-4EFA-A840-767BCA379EA1}.Release|x86.ActiveCfg = Release|Any CPU
		{2E6C4539-EDFB-4EFA-A840-767BCA379EA1}.Release|x86.Build.0 = Release|Any CPU
		{0519293B-6FE2-4041-A805-80C0CBC17A81}.Debug|Any CPU.ActiveCfg = Debug|Any CPU
		{0519293B-6FE2-4041-A805-80C0CBC17A81}.Debug|Any CPU.Build.0 = Debug|Any CPU
		{0519293B-6FE2-4041-A805-80C0CBC17A81}.Debug|x64.ActiveCfg = Debug|Any CPU
		{0519293B-6FE2-4041-A805-80C0CBC17A81}.Debug|x64.Build.0 = Debug|Any CPU
		{0519293B-6FE2-4041-A805-80C0CBC17A81}.Debug|x86.ActiveCfg = Debug|Any CPU
		{0519293B-6FE2-4041-A805-80C0CBC17A81}.Debug|x86.Build.0 = Debug|Any CPU
		{0519293B-6FE2-4041-A805-80C0CBC17A81}.Release|Any CPU.ActiveCfg = Release|Any CPU
		{0519293B-6FE2-4041-A805-80C0CBC17A81}.Release|Any CPU.Build.0 = Release|Any CPU
		{0519293B-6FE2-4041-A805-80C0CBC17A81}.Release|x64.ActiveCfg = Release|Any CPU
		{0519293B-6FE2-4041-A805-80C0CBC17A81}.Release|x64.Build.0 = Release|Any CPU
		{0519293B-6FE2-4041-A805-80C0CBC17A81}.Release|x86.ActiveCfg = Release|Any CPU
		{0519293B-6FE2-4041-A805-80C0CBC17A81}.Release|x86.Build.0 = Release|Any CPU
		{C2826D47-0F1F-44B2-9225-448D2839D401}.Debug|Any CPU.ActiveCfg = Debug|Any CPU
		{C2826D47-0F1F-44B2-9225-448D2839D401}.Debug|Any CPU.Build.0 = Debug|Any CPU
		{C2826D47-0F1F-44B2-9225-448D2839D401}.Debug|x64.ActiveCfg = Debug|Any CPU
		{C2826D47-0F1F-44B2-9225-448D2839D401}.Debug|x64.Build.0 = Debug|Any CPU
		{C2826D47-0F1F-44B2-9225-448D2839D401}.Debug|x86.ActiveCfg = Debug|Any CPU
		{C2826D47-0F1F-44B2-9225-448D2839D401}.Debug|x86.Build.0 = Debug|Any CPU
		{C2826D47-0F1F-44B2-9225-448D2839D401}.Release|Any CPU.ActiveCfg = Release|Any CPU
		{C2826D47-0F1F-44B2-9225-448D2839D401}.Release|Any CPU.Build.0 = Release|Any CPU
		{C2826D47-0F1F-44B2-9225-448D2839D401}.Release|x64.ActiveCfg = Release|Any CPU
		{C2826D47-0F1F-44B2-9225-448D2839D401}.Release|x64.Build.0 = Release|Any CPU
		{C2826D47-0F1F-44B2-9225-448D2839D401}.Release|x86.ActiveCfg = Release|Any CPU
		{C2826D47-0F1F-44B2-9225-448D2839D401}.Release|x86.Build.0 = Release|Any CPU
		{EBDEDAAA-6AB2-4F7C-BE68-2122FAE1356C}.Debug|Any CPU.ActiveCfg = Debug|Any CPU
		{EBDEDAAA-6AB2-4F7C-BE68-2122FAE1356C}.Debug|Any CPU.Build.0 = Debug|Any CPU
		{EBDEDAAA-6AB2-4F7C-BE68-2122FAE1356C}.Debug|x64.ActiveCfg = Debug|Any CPU
		{EBDEDAAA-6AB2-4F7C-BE68-2122FAE1356C}.Debug|x64.Build.0 = Debug|Any CPU
		{EBDEDAAA-6AB2-4F7C-BE68-2122FAE1356C}.Debug|x86.ActiveCfg = Debug|Any CPU
		{EBDEDAAA-6AB2-4F7C-BE68-2122FAE1356C}.Debug|x86.Build.0 = Debug|Any CPU
		{EBDEDAAA-6AB2-4F7C-BE68-2122FAE1356C}.Release|Any CPU.ActiveCfg = Release|Any CPU
		{EBDEDAAA-6AB2-4F7C-BE68-2122FAE1356C}.Release|Any CPU.Build.0 = Release|Any CPU
		{EBDEDAAA-6AB2-4F7C-BE68-2122FAE1356C}.Release|x64.ActiveCfg = Release|Any CPU
		{EBDEDAAA-6AB2-4F7C-BE68-2122FAE1356C}.Release|x64.Build.0 = Release|Any CPU
		{EBDEDAAA-6AB2-4F7C-BE68-2122FAE1356C}.Release|x86.ActiveCfg = Release|Any CPU
		{EBDEDAAA-6AB2-4F7C-BE68-2122FAE1356C}.Release|x86.Build.0 = Release|Any CPU
		{D1093314-CB32-4240-BE10-0437D64152D8}.Debug|Any CPU.ActiveCfg = Debug|Any CPU
		{D1093314-CB32-4240-BE10-0437D64152D8}.Debug|Any CPU.Build.0 = Debug|Any CPU
		{D1093314-CB32-4240-BE10-0437D64152D8}.Debug|x64.ActiveCfg = Debug|Any CPU
		{D1093314-CB32-4240-BE10-0437D64152D8}.Debug|x64.Build.0 = Debug|Any CPU
		{D1093314-CB32-4240-BE10-0437D64152D8}.Debug|x86.ActiveCfg = Debug|Any CPU
		{D1093314-CB32-4240-BE10-0437D64152D8}.Debug|x86.Build.0 = Debug|Any CPU
		{D1093314-CB32-4240-BE10-0437D64152D8}.Release|Any CPU.ActiveCfg = Release|Any CPU
		{D1093314-CB32-4240-BE10-0437D64152D8}.Release|Any CPU.Build.0 = Release|Any CPU
		{D1093314-CB32-4240-BE10-0437D64152D8}.Release|x64.ActiveCfg = Release|Any CPU
		{D1093314-CB32-4240-BE10-0437D64152D8}.Release|x64.Build.0 = Release|Any CPU
		{D1093314-CB32-4240-BE10-0437D64152D8}.Release|x86.ActiveCfg = Release|Any CPU
		{D1093314-CB32-4240-BE10-0437D64152D8}.Release|x86.Build.0 = Release|Any CPU
		{12E1CC85-E94C-4BBD-A07B-2BF0F415363B}.Debug|Any CPU.ActiveCfg = Debug|x86
		{12E1CC85-E94C-4BBD-A07B-2BF0F415363B}.Debug|x64.ActiveCfg = Debug|x86
		{12E1CC85-E94C-4BBD-A07B-2BF0F415363B}.Debug|x86.ActiveCfg = Debug|x86
		{12E1CC85-E94C-4BBD-A07B-2BF0F415363B}.Debug|x86.Build.0 = Debug|x86
		{12E1CC85-E94C-4BBD-A07B-2BF0F415363B}.Release|Any CPU.ActiveCfg = Release|x86
		{12E1CC85-E94C-4BBD-A07B-2BF0F415363B}.Release|x64.ActiveCfg = Release|x86
		{12E1CC85-E94C-4BBD-A07B-2BF0F415363B}.Release|x86.ActiveCfg = Release|x86
		{12E1CC85-E94C-4BBD-A07B-2BF0F415363B}.Release|x86.Build.0 = Release|x86
		{384B364C-7BE4-457C-A949-2C4B107BAFEA}.Debug|Any CPU.ActiveCfg = Debug|Any CPU
		{384B364C-7BE4-457C-A949-2C4B107BAFEA}.Debug|Any CPU.Build.0 = Debug|Any CPU
		{384B364C-7BE4-457C-A949-2C4B107BAFEA}.Debug|x64.ActiveCfg = Debug|Any CPU
		{384B364C-7BE4-457C-A949-2C4B107BAFEA}.Debug|x64.Build.0 = Debug|Any CPU
		{384B364C-7BE4-457C-A949-2C4B107BAFEA}.Debug|x86.ActiveCfg = Debug|Any CPU
		{384B364C-7BE4-457C-A949-2C4B107BAFEA}.Debug|x86.Build.0 = Debug|Any CPU
		{384B364C-7BE4-457C-A949-2C4B107BAFEA}.Release|Any CPU.ActiveCfg = Release|Any CPU
		{384B364C-7BE4-457C-A949-2C4B107BAFEA}.Release|Any CPU.Build.0 = Release|Any CPU
		{384B364C-7BE4-457C-A949-2C4B107BAFEA}.Release|x64.ActiveCfg = Release|Any CPU
		{384B364C-7BE4-457C-A949-2C4B107BAFEA}.Release|x64.Build.0 = Release|Any CPU
		{384B364C-7BE4-457C-A949-2C4B107BAFEA}.Release|x86.ActiveCfg = Release|Any CPU
		{384B364C-7BE4-457C-A949-2C4B107BAFEA}.Release|x86.Build.0 = Release|Any CPU
		{5657EDD0-9908-4FA5-A394-4BDD4E6D220F}.Debug|Any CPU.ActiveCfg = Debug|Any CPU
		{5657EDD0-9908-4FA5-A394-4BDD4E6D220F}.Debug|Any CPU.Build.0 = Debug|Any CPU
		{5657EDD0-9908-4FA5-A394-4BDD4E6D220F}.Debug|x64.ActiveCfg = Debug|Any CPU
		{5657EDD0-9908-4FA5-A394-4BDD4E6D220F}.Debug|x64.Build.0 = Debug|Any CPU
		{5657EDD0-9908-4FA5-A394-4BDD4E6D220F}.Debug|x86.ActiveCfg = Debug|Any CPU
		{5657EDD0-9908-4FA5-A394-4BDD4E6D220F}.Debug|x86.Build.0 = Debug|Any CPU
		{5657EDD0-9908-4FA5-A394-4BDD4E6D220F}.Release|Any CPU.ActiveCfg = Release|Any CPU
		{5657EDD0-9908-4FA5-A394-4BDD4E6D220F}.Release|Any CPU.Build.0 = Release|Any CPU
		{5657EDD0-9908-4FA5-A394-4BDD4E6D220F}.Release|x64.ActiveCfg = Release|Any CPU
		{5657EDD0-9908-4FA5-A394-4BDD4E6D220F}.Release|x64.Build.0 = Release|Any CPU
		{5657EDD0-9908-4FA5-A394-4BDD4E6D220F}.Release|x86.ActiveCfg = Release|Any CPU
		{5657EDD0-9908-4FA5-A394-4BDD4E6D220F}.Release|x86.Build.0 = Release|Any CPU
		{4B654914-7044-44FC-A46C-75C48BCCBA62}.Debug|Any CPU.ActiveCfg = Debug|Any CPU
		{4B654914-7044-44FC-A46C-75C48BCCBA62}.Debug|Any CPU.Build.0 = Debug|Any CPU
		{4B654914-7044-44FC-A46C-75C48BCCBA62}.Debug|x64.ActiveCfg = Debug|Any CPU
		{4B654914-7044-44FC-A46C-75C48BCCBA62}.Debug|x64.Build.0 = Debug|Any CPU
		{4B654914-7044-44FC-A46C-75C48BCCBA62}.Debug|x86.ActiveCfg = Debug|Any CPU
		{4B654914-7044-44FC-A46C-75C48BCCBA62}.Debug|x86.Build.0 = Debug|Any CPU
		{4B654914-7044-44FC-A46C-75C48BCCBA62}.Release|Any CPU.ActiveCfg = Release|Any CPU
		{4B654914-7044-44FC-A46C-75C48BCCBA62}.Release|Any CPU.Build.0 = Release|Any CPU
		{4B654914-7044-44FC-A46C-75C48BCCBA62}.Release|x64.ActiveCfg = Release|Any CPU
		{4B654914-7044-44FC-A46C-75C48BCCBA62}.Release|x64.Build.0 = Release|Any CPU
		{4B654914-7044-44FC-A46C-75C48BCCBA62}.Release|x86.ActiveCfg = Release|Any CPU
		{4B654914-7044-44FC-A46C-75C48BCCBA62}.Release|x86.Build.0 = Release|Any CPU
		{1FC4C906-D011-4012-9F47-F89AAB13DBC8}.Debug|Any CPU.ActiveCfg = Debug|Any CPU
		{1FC4C906-D011-4012-9F47-F89AAB13DBC8}.Debug|Any CPU.Build.0 = Debug|Any CPU
		{1FC4C906-D011-4012-9F47-F89AAB13DBC8}.Debug|x64.ActiveCfg = Debug|Any CPU
		{1FC4C906-D011-4012-9F47-F89AAB13DBC8}.Debug|x64.Build.0 = Debug|Any CPU
		{1FC4C906-D011-4012-9F47-F89AAB13DBC8}.Debug|x86.ActiveCfg = Debug|Any CPU
		{1FC4C906-D011-4012-9F47-F89AAB13DBC8}.Debug|x86.Build.0 = Debug|Any CPU
		{1FC4C906-D011-4012-9F47-F89AAB13DBC8}.Release|Any CPU.ActiveCfg = Release|Any CPU
		{1FC4C906-D011-4012-9F47-F89AAB13DBC8}.Release|Any CPU.Build.0 = Release|Any CPU
		{1FC4C906-D011-4012-9F47-F89AAB13DBC8}.Release|x64.ActiveCfg = Release|Any CPU
		{1FC4C906-D011-4012-9F47-F89AAB13DBC8}.Release|x64.Build.0 = Release|Any CPU
		{1FC4C906-D011-4012-9F47-F89AAB13DBC8}.Release|x86.ActiveCfg = Release|Any CPU
		{1FC4C906-D011-4012-9F47-F89AAB13DBC8}.Release|x86.Build.0 = Release|Any CPU
		{FD8AA8A3-569E-459F-92E7-84A54D7230EA}.Debug|Any CPU.ActiveCfg = Debug|Any CPU
		{FD8AA8A3-569E-459F-92E7-84A54D7230EA}.Debug|Any CPU.Build.0 = Debug|Any CPU
		{FD8AA8A3-569E-459F-92E7-84A54D7230EA}.Debug|x64.ActiveCfg = Debug|Any CPU
		{FD8AA8A3-569E-459F-92E7-84A54D7230EA}.Debug|x64.Build.0 = Debug|Any CPU
		{FD8AA8A3-569E-459F-92E7-84A54D7230EA}.Debug|x86.ActiveCfg = Debug|Any CPU
		{FD8AA8A3-569E-459F-92E7-84A54D7230EA}.Debug|x86.Build.0 = Debug|Any CPU
		{FD8AA8A3-569E-459F-92E7-84A54D7230EA}.Release|Any CPU.ActiveCfg = Release|Any CPU
		{FD8AA8A3-569E-459F-92E7-84A54D7230EA}.Release|Any CPU.Build.0 = Release|Any CPU
		{FD8AA8A3-569E-459F-92E7-84A54D7230EA}.Release|x64.ActiveCfg = Release|Any CPU
		{FD8AA8A3-569E-459F-92E7-84A54D7230EA}.Release|x64.Build.0 = Release|Any CPU
		{FD8AA8A3-569E-459F-92E7-84A54D7230EA}.Release|x86.ActiveCfg = Release|Any CPU
		{FD8AA8A3-569E-459F-92E7-84A54D7230EA}.Release|x86.Build.0 = Release|Any CPU
		{92996C66-6B8A-462C-9593-D62B975FF01B}.Debug|Any CPU.ActiveCfg = Debug|Any CPU
		{92996C66-6B8A-462C-9593-D62B975FF01B}.Debug|Any CPU.Build.0 = Debug|Any CPU
		{92996C66-6B8A-462C-9593-D62B975FF01B}.Debug|x64.ActiveCfg = Debug|Any CPU
		{92996C66-6B8A-462C-9593-D62B975FF01B}.Debug|x64.Build.0 = Debug|Any CPU
		{92996C66-6B8A-462C-9593-D62B975FF01B}.Debug|x86.ActiveCfg = Debug|Any CPU
		{92996C66-6B8A-462C-9593-D62B975FF01B}.Debug|x86.Build.0 = Debug|Any CPU
		{92996C66-6B8A-462C-9593-D62B975FF01B}.Release|Any CPU.ActiveCfg = Release|Any CPU
		{92996C66-6B8A-462C-9593-D62B975FF01B}.Release|Any CPU.Build.0 = Release|Any CPU
		{92996C66-6B8A-462C-9593-D62B975FF01B}.Release|x64.ActiveCfg = Release|Any CPU
		{92996C66-6B8A-462C-9593-D62B975FF01B}.Release|x64.Build.0 = Release|Any CPU
		{92996C66-6B8A-462C-9593-D62B975FF01B}.Release|x86.ActiveCfg = Release|Any CPU
		{92996C66-6B8A-462C-9593-D62B975FF01B}.Release|x86.Build.0 = Release|Any CPU
		{ECA3E677-D1A9-4DC8-B273-0468A5FBF328}.Debug|Any CPU.ActiveCfg = Debug|Any CPU
		{ECA3E677-D1A9-4DC8-B273-0468A5FBF328}.Debug|Any CPU.Build.0 = Debug|Any CPU
		{ECA3E677-D1A9-4DC8-B273-0468A5FBF328}.Debug|x64.ActiveCfg = Debug|Any CPU
		{ECA3E677-D1A9-4DC8-B273-0468A5FBF328}.Debug|x64.Build.0 = Debug|Any CPU
		{ECA3E677-D1A9-4DC8-B273-0468A5FBF328}.Debug|x86.ActiveCfg = Debug|Any CPU
		{ECA3E677-D1A9-4DC8-B273-0468A5FBF328}.Debug|x86.Build.0 = Debug|Any CPU
		{ECA3E677-D1A9-4DC8-B273-0468A5FBF328}.Release|Any CPU.ActiveCfg = Release|Any CPU
		{ECA3E677-D1A9-4DC8-B273-0468A5FBF328}.Release|Any CPU.Build.0 = Release|Any CPU
		{ECA3E677-D1A9-4DC8-B273-0468A5FBF328}.Release|x64.ActiveCfg = Release|Any CPU
		{ECA3E677-D1A9-4DC8-B273-0468A5FBF328}.Release|x64.Build.0 = Release|Any CPU
		{ECA3E677-D1A9-4DC8-B273-0468A5FBF328}.Release|x86.ActiveCfg = Release|Any CPU
		{ECA3E677-D1A9-4DC8-B273-0468A5FBF328}.Release|x86.Build.0 = Release|Any CPU
		{D1894561-4B30-4978-B0A4-D4D6F8A9CBFF}.Debug|Any CPU.ActiveCfg = Debug|Any CPU
		{D1894561-4B30-4978-B0A4-D4D6F8A9CBFF}.Debug|Any CPU.Build.0 = Debug|Any CPU
		{D1894561-4B30-4978-B0A4-D4D6F8A9CBFF}.Debug|x64.ActiveCfg = Debug|Any CPU
		{D1894561-4B30-4978-B0A4-D4D6F8A9CBFF}.Debug|x64.Build.0 = Debug|Any CPU
		{D1894561-4B30-4978-B0A4-D4D6F8A9CBFF}.Debug|x86.ActiveCfg = Debug|Any CPU
		{D1894561-4B30-4978-B0A4-D4D6F8A9CBFF}.Debug|x86.Build.0 = Debug|Any CPU
		{D1894561-4B30-4978-B0A4-D4D6F8A9CBFF}.Release|Any CPU.ActiveCfg = Release|Any CPU
		{D1894561-4B30-4978-B0A4-D4D6F8A9CBFF}.Release|Any CPU.Build.0 = Release|Any CPU
		{D1894561-4B30-4978-B0A4-D4D6F8A9CBFF}.Release|x64.ActiveCfg = Release|Any CPU
		{D1894561-4B30-4978-B0A4-D4D6F8A9CBFF}.Release|x64.Build.0 = Release|Any CPU
		{D1894561-4B30-4978-B0A4-D4D6F8A9CBFF}.Release|x86.ActiveCfg = Release|Any CPU
		{D1894561-4B30-4978-B0A4-D4D6F8A9CBFF}.Release|x86.Build.0 = Release|Any CPU
		{02BF1053-C3DA-4FFB-A562-7854C3DD4BD0}.Debug|Any CPU.ActiveCfg = Debug|Any CPU
		{02BF1053-C3DA-4FFB-A562-7854C3DD4BD0}.Debug|Any CPU.Build.0 = Debug|Any CPU
		{02BF1053-C3DA-4FFB-A562-7854C3DD4BD0}.Debug|x64.ActiveCfg = Debug|Any CPU
		{02BF1053-C3DA-4FFB-A562-7854C3DD4BD0}.Debug|x64.Build.0 = Debug|Any CPU
		{02BF1053-C3DA-4FFB-A562-7854C3DD4BD0}.Debug|x86.ActiveCfg = Debug|Any CPU
		{02BF1053-C3DA-4FFB-A562-7854C3DD4BD0}.Debug|x86.Build.0 = Debug|Any CPU
		{02BF1053-C3DA-4FFB-A562-7854C3DD4BD0}.Release|Any CPU.ActiveCfg = Release|Any CPU
		{02BF1053-C3DA-4FFB-A562-7854C3DD4BD0}.Release|Any CPU.Build.0 = Release|Any CPU
		{02BF1053-C3DA-4FFB-A562-7854C3DD4BD0}.Release|x64.ActiveCfg = Release|Any CPU
		{02BF1053-C3DA-4FFB-A562-7854C3DD4BD0}.Release|x64.Build.0 = Release|Any CPU
		{02BF1053-C3DA-4FFB-A562-7854C3DD4BD0}.Release|x86.ActiveCfg = Release|Any CPU
		{02BF1053-C3DA-4FFB-A562-7854C3DD4BD0}.Release|x86.Build.0 = Release|Any CPU
		{F8D51186-9F80-4344-8F35-D0DD197FE282}.Debug|Any CPU.ActiveCfg = Debug|Any CPU
		{F8D51186-9F80-4344-8F35-D0DD197FE282}.Debug|Any CPU.Build.0 = Debug|Any CPU
		{F8D51186-9F80-4344-8F35-D0DD197FE282}.Debug|x64.ActiveCfg = Debug|Any CPU
		{F8D51186-9F80-4344-8F35-D0DD197FE282}.Debug|x64.Build.0 = Debug|Any CPU
		{F8D51186-9F80-4344-8F35-D0DD197FE282}.Debug|x86.ActiveCfg = Debug|Any CPU
		{F8D51186-9F80-4344-8F35-D0DD197FE282}.Debug|x86.Build.0 = Debug|Any CPU
		{F8D51186-9F80-4344-8F35-D0DD197FE282}.Release|Any CPU.ActiveCfg = Release|Any CPU
		{F8D51186-9F80-4344-8F35-D0DD197FE282}.Release|Any CPU.Build.0 = Release|Any CPU
		{F8D51186-9F80-4344-8F35-D0DD197FE282}.Release|x64.ActiveCfg = Release|Any CPU
		{F8D51186-9F80-4344-8F35-D0DD197FE282}.Release|x64.Build.0 = Release|Any CPU
		{F8D51186-9F80-4344-8F35-D0DD197FE282}.Release|x86.ActiveCfg = Release|Any CPU
		{F8D51186-9F80-4344-8F35-D0DD197FE282}.Release|x86.Build.0 = Release|Any CPU
		{C2EAED2C-3452-4718-B6E1-71F8A993BDF1}.Debug|Any CPU.ActiveCfg = Debug|Any CPU
		{C2EAED2C-3452-4718-B6E1-71F8A993BDF1}.Debug|Any CPU.Build.0 = Debug|Any CPU
		{C2EAED2C-3452-4718-B6E1-71F8A993BDF1}.Debug|x64.ActiveCfg = Debug|Any CPU
		{C2EAED2C-3452-4718-B6E1-71F8A993BDF1}.Debug|x64.Build.0 = Debug|Any CPU
		{C2EAED2C-3452-4718-B6E1-71F8A993BDF1}.Debug|x86.ActiveCfg = Debug|Any CPU
		{C2EAED2C-3452-4718-B6E1-71F8A993BDF1}.Debug|x86.Build.0 = Debug|Any CPU
		{C2EAED2C-3452-4718-B6E1-71F8A993BDF1}.Release|Any CPU.ActiveCfg = Release|Any CPU
		{C2EAED2C-3452-4718-B6E1-71F8A993BDF1}.Release|Any CPU.Build.0 = Release|Any CPU
		{C2EAED2C-3452-4718-B6E1-71F8A993BDF1}.Release|x64.ActiveCfg = Release|Any CPU
		{C2EAED2C-3452-4718-B6E1-71F8A993BDF1}.Release|x64.Build.0 = Release|Any CPU
		{C2EAED2C-3452-4718-B6E1-71F8A993BDF1}.Release|x86.ActiveCfg = Release|Any CPU
		{C2EAED2C-3452-4718-B6E1-71F8A993BDF1}.Release|x86.Build.0 = Release|Any CPU
		{CD644EAD-A340-4E5F-BB9C-6B794A0DDF46}.Debug|Any CPU.ActiveCfg = Debug|Any CPU
		{CD644EAD-A340-4E5F-BB9C-6B794A0DDF46}.Debug|Any CPU.Build.0 = Debug|Any CPU
		{CD644EAD-A340-4E5F-BB9C-6B794A0DDF46}.Debug|x64.ActiveCfg = Debug|Any CPU
		{CD644EAD-A340-4E5F-BB9C-6B794A0DDF46}.Debug|x64.Build.0 = Debug|Any CPU
		{CD644EAD-A340-4E5F-BB9C-6B794A0DDF46}.Debug|x86.ActiveCfg = Debug|Any CPU
		{CD644EAD-A340-4E5F-BB9C-6B794A0DDF46}.Debug|x86.Build.0 = Debug|Any CPU
		{CD644EAD-A340-4E5F-BB9C-6B794A0DDF46}.Release|Any CPU.ActiveCfg = Release|Any CPU
		{CD644EAD-A340-4E5F-BB9C-6B794A0DDF46}.Release|Any CPU.Build.0 = Release|Any CPU
		{CD644EAD-A340-4E5F-BB9C-6B794A0DDF46}.Release|x64.ActiveCfg = Release|Any CPU
		{CD644EAD-A340-4E5F-BB9C-6B794A0DDF46}.Release|x64.Build.0 = Release|Any CPU
		{CD644EAD-A340-4E5F-BB9C-6B794A0DDF46}.Release|x86.ActiveCfg = Release|Any CPU
		{CD644EAD-A340-4E5F-BB9C-6B794A0DDF46}.Release|x86.Build.0 = Release|Any CPU
		{30597BE9-08F8-4832-8AB7-009C00A6A2F2}.Debug|Any CPU.ActiveCfg = Debug|x86
		{30597BE9-08F8-4832-8AB7-009C00A6A2F2}.Debug|x64.ActiveCfg = Debug|x86
		{30597BE9-08F8-4832-8AB7-009C00A6A2F2}.Debug|x86.ActiveCfg = Debug|x86
		{30597BE9-08F8-4832-8AB7-009C00A6A2F2}.Debug|x86.Build.0 = Debug|x86
		{30597BE9-08F8-4832-8AB7-009C00A6A2F2}.Release|Any CPU.ActiveCfg = Release|x86
		{30597BE9-08F8-4832-8AB7-009C00A6A2F2}.Release|x64.ActiveCfg = Release|x86
		{30597BE9-08F8-4832-8AB7-009C00A6A2F2}.Release|x86.ActiveCfg = Release|x86
		{30597BE9-08F8-4832-8AB7-009C00A6A2F2}.Release|x86.Build.0 = Release|x86
	EndGlobalSection
	GlobalSection(SolutionProperties) = preSolution
		HideSolutionNode = FALSE
	EndGlobalSection
	GlobalSection(NestedProjects) = preSolution
		{97E73B1F-A3B4-4626-8D92-6CA084282523} = {3F42628D-2541-4EBD-9280-77520CA0A1E5}
		{C6D8AD4D-18F5-4A11-8614-5838FA5922C9} = {59DC8658-4166-4837-AAF4-AD2B23FB9F44}
		{2087F797-FC05-44C3-98CC-6CC09AF7245F} = {3F42628D-2541-4EBD-9280-77520CA0A1E5}
		{53ACE724-CD7D-42DF-8970-DC39B36155DD} = {0F584E88-D93E-4DE2-8B55-3FC51A6E871A}
		{C2CA8255-9AE9-4307-89D0-16E17EE0AA29} = {071DBFE4-FC82-47BC-9DF2-549E952F2946}
		{74B9CE91-BC68-40E1-BFFD-0BC51D52E6DD} = {071DBFE4-FC82-47BC-9DF2-549E952F2946}
		{1974CE2A-7324-4210-ACEB-EB0C6B875BA4} = {071DBFE4-FC82-47BC-9DF2-549E952F2946}
		{4DCEBD2A-B9C4-4FE7-BE1E-59E139B53DE9} = {071DBFE4-FC82-47BC-9DF2-549E952F2946}
		{BB41293F-CA44-4AE9-8198-AB1F2A0D71A5} = {3F42628D-2541-4EBD-9280-77520CA0A1E5}
		{85D58F6A-D2EE-4B6F-A19A-3F9CC1BABF6A} = {3F42628D-2541-4EBD-9280-77520CA0A1E5}
		{2C133FBD-C138-43BB-9066-A9FECB1ABE86} = {DD57FF8A-1C02-4388-BAEB-AD2DD1305EBD}
		{4AE3E71F-D433-448B-ABFE-13491FAAB5A6} = {DD57FF8A-1C02-4388-BAEB-AD2DD1305EBD}
		{24D84C19-B173-4635-91A6-42328BC694CE} = {DD57FF8A-1C02-4388-BAEB-AD2DD1305EBD}
		{AEA42454-7466-49CD-8075-3A153E6E770F} = {DD57FF8A-1C02-4388-BAEB-AD2DD1305EBD}
		{1B0D283F-552E-47E5-B3EA-BEE2D86D49F1} = {3F42628D-2541-4EBD-9280-77520CA0A1E5}
		{F418026E-3A3E-44A3-ADA1-B8127B948A8D} = {C043E1D5-D1E7-4FBF-AA0E-5FFB9E65E248}
		{D1CD7806-99BF-463D-807D-AF5DE50EA49C} = {C043E1D5-D1E7-4FBF-AA0E-5FFB9E65E248}
		{D1D039AE-4BB7-436B-9F44-309D81599D31} = {0F584E88-D93E-4DE2-8B55-3FC51A6E871A}
		{7153330D-B848-4C04-8CD2-F4C317CA34EF} = {0F584E88-D93E-4DE2-8B55-3FC51A6E871A}
		{C6C25F4D-24D4-4009-A52A-034F8A6653EA} = {59DC8658-4166-4837-AAF4-AD2B23FB9F44}
		{00C2C3B5-CD73-4017-B4E6-696575FB4071} = {59DC8658-4166-4837-AAF4-AD2B23FB9F44}
		{1DEA4099-151B-4A41-BBCE-EC31430E020A} = {59DC8658-4166-4837-AAF4-AD2B23FB9F44}
		{C93B9AFD-6884-45EB-A6E1-1EC89EBA84D6} = {0F584E88-D93E-4DE2-8B55-3FC51A6E871A}
		{55B13B05-A14B-4486-AF65-256AA57526DF} = {59DC8658-4166-4837-AAF4-AD2B23FB9F44}
		{9BFCF1DC-8FBF-4827-970D-3AC822C2FFC0} = {3F710E2C-91AF-4ED5-976B-FC0FD885CD23}
		{D83E7FED-0256-47C2-B96F-EFB1BA1554BB} = {3F710E2C-91AF-4ED5-976B-FC0FD885CD23}
		{99146D90-BB96-4DD5-BCBB-085F7C6CB0D9} = {C2CA8255-9AE9-4307-89D0-16E17EE0AA29}
		{E4D2EFD2-D1E3-4B1F-96D3-34D97321D7A4} = {74B9CE91-BC68-40E1-BFFD-0BC51D52E6DD}
		{A45C0330-9803-4BFE-8B35-490D90441A18} = {1974CE2A-7324-4210-ACEB-EB0C6B875BA4}
		{DF8823DA-C455-450A-AEEE-BCB8AF0C8F71} = {1974CE2A-7324-4210-ACEB-EB0C6B875BA4}
		{8DBDDFC1-808D-4F73-9244-84A0E105C9E6} = {74B9CE91-BC68-40E1-BFFD-0BC51D52E6DD}
		{93F4EFD8-C87D-4E7C-B88F-9F9BB20EA36E} = {C2CA8255-9AE9-4307-89D0-16E17EE0AA29}
		{FCB090AE-701D-4E38-BE67-5B4A9CFDD907} = {1974CE2A-7324-4210-ACEB-EB0C6B875BA4}
		{4E70E567-E814-43C9-B837-EFA59D8F77E0} = {071DBFE4-FC82-47BC-9DF2-549E952F2946}
		{C857006A-362D-4EC5-A633-FA19857649B7} = {0F584E88-D93E-4DE2-8B55-3FC51A6E871A}
		{98ED8DB4-701B-4EB6-B177-549A67E300B3} = {59DC8658-4166-4837-AAF4-AD2B23FB9F44}
		{2E6C4539-EDFB-4EFA-A840-767BCA379EA1} = {DD57FF8A-1C02-4388-BAEB-AD2DD1305EBD}
		{0519293B-6FE2-4041-A805-80C0CBC17A81} = {3F710E2C-91AF-4ED5-976B-FC0FD885CD23}
		{C2826D47-0F1F-44B2-9225-448D2839D401} = {3F42628D-2541-4EBD-9280-77520CA0A1E5}
		{EBDEDAAA-6AB2-4F7C-BE68-2122FAE1356C} = {C043E1D5-D1E7-4FBF-AA0E-5FFB9E65E248}
		{D1093314-CB32-4240-BE10-0437D64152D8} = {C043E1D5-D1E7-4FBF-AA0E-5FFB9E65E248}
		{12E1CC85-E94C-4BBD-A07B-2BF0F415363B} = {3F710E2C-91AF-4ED5-976B-FC0FD885CD23}
		{384B364C-7BE4-457C-A949-2C4B107BAFEA} = {B802C611-0293-4C51-B40A-E4B8B2FF8877}
		{5657EDD0-9908-4FA5-A394-4BDD4E6D220F} = {B802C611-0293-4C51-B40A-E4B8B2FF8877}
		{4B654914-7044-44FC-A46C-75C48BCCBA62} = {3F710E2C-91AF-4ED5-976B-FC0FD885CD23}
		{1FC4C906-D011-4012-9F47-F89AAB13DBC8} = {B802C611-0293-4C51-B40A-E4B8B2FF8877}
		{FD8AA8A3-569E-459F-92E7-84A54D7230EA} = {B802C611-0293-4C51-B40A-E4B8B2FF8877}
		{92996C66-6B8A-462C-9593-D62B975FF01B} = {B802C611-0293-4C51-B40A-E4B8B2FF8877}
		{2ADBFE71-BD2E-423D-92B2-625F247AC0B0} = {B802C611-0293-4C51-B40A-E4B8B2FF8877}
		{ECA3E677-D1A9-4DC8-B273-0468A5FBF328} = {2ADBFE71-BD2E-423D-92B2-625F247AC0B0}
		{D1894561-4B30-4978-B0A4-D4D6F8A9CBFF} = {2ADBFE71-BD2E-423D-92B2-625F247AC0B0}
		{02BF1053-C3DA-4FFB-A562-7854C3DD4BD0} = {4DCEBD2A-B9C4-4FE7-BE1E-59E139B53DE9}
		{F8D51186-9F80-4344-8F35-D0DD197FE282} = {DD57FF8A-1C02-4388-BAEB-AD2DD1305EBD}
		{C2EAED2C-3452-4718-B6E1-71F8A993BDF1} = {59DC8658-4166-4837-AAF4-AD2B23FB9F44}
		{CD644EAD-A340-4E5F-BB9C-6B794A0DDF46} = {3F710E2C-91AF-4ED5-976B-FC0FD885CD23}
		{30597BE9-08F8-4832-8AB7-009C00A6A2F2} = {59DC8658-4166-4837-AAF4-AD2B23FB9F44}
	EndGlobalSection
	GlobalSection(ExtensibilityGlobals) = postSolution
		SolutionGuid = {86E1666C-5A77-4501-A874-A3D7825AA411}
	EndGlobalSection
EndGlobal
